<?xml version="1.0" encoding="utf-8"?>
<Project ToolsVersion="4.0" xmlns="http://schemas.microsoft.com/developer/msbuild/2003">
  <ItemGroup>
    <Filter Include="include">
      <UniqueIdentifier>{93995380-89BD-4b04-88EB-625FBE52EBFB}</UniqueIdentifier>
      <Extensions>h;hh;hpp;hxx;h++;hm;inl;inc;ipp;xsd</Extensions>
    </Filter>
    <Filter Include="src">
      <UniqueIdentifier>{4FC737F1-C7A5-4376-A066-2A32D752A2FF}</UniqueIdentifier>
      <Extensions>cpp;c;cc;cxx;c++;cppm;ixx;def;odl;idl;hpj;bat;asm;asmx</Extensions>
    </Filter>
    <Filter Include="include\messaging">
      <UniqueIdentifier>{52ee2c4b-753f-4a81-82ed-0d700e4f1576}</UniqueIdentifier>
    </Filter>
    <Filter Include="src\messaging">
      <UniqueIdentifier>{3b98b488-9595-4a7a-bec6-1b99d488fc99}</UniqueIdentifier>
    </Filter>
    <Filter Include="include\messaging\topic">
      <UniqueIdentifier>{93ab2ab3-dfdb-428b-9f66-21e6baf19737}</UniqueIdentifier>
    </Filter>
  </ItemGroup>
  <ItemGroup>
    <ClInclude Include="include\messaging\courier.hpp">
      <Filter>include\messaging</Filter>
    </ClInclude>
    <ClInclude Include="include\messaging\channel.hpp">
      <Filter>include\messaging</Filter>
    </ClInclude>
    <ClInclude Include="include\messaging\message.hpp">
      <Filter>include\messaging</Filter>
    </ClInclude>
    <ClInclude Include="include\messaging\subscriber.hpp">
      <Filter>include\messaging</Filter>
    </ClInclude>
    <ClInclude Include="include\messaging\topic\topic.hpp">
      <Filter>include\messaging\topic</Filter>
    </ClInclude>
    <ClInclude Include="include\messaging\channelTopic.hpp">
      <Filter>include\messaging</Filter>
    </ClInclude>
    <ClInclude Include="include\messaging\basicMessage.hpp">
      <Filter>include\messaging</Filter>
    </ClInclude>
    <ClInclude Include="include\messaging\messageValidator.hpp">
      <Filter>include\messaging</Filter>
    </ClInclude>
  </ItemGroup>
  <ItemGroup>
    <ClCompile Include="src\courier.cpp">
      <Filter>src\messaging</Filter>
    </ClCompile>
  </ItemGroup>
</Project>