<?xml version="1.0" encoding="utf-8"?>
<Project ToolsVersion="4.0" xmlns="http://schemas.microsoft.com/developer/msbuild/2003">
  <ItemGroup>
    <Filter Include="Engine">
      <UniqueIdentifier>{1d604030-0fe4-466a-a75d-207b37df8965}</UniqueIdentifier>
    </Filter>
    <Filter Include="Game">
      <UniqueIdentifier>{eea9e98d-1670-4574-8a8c-c87f25e23892}</UniqueIdentifier>
    </Filter>
    <Filter Include="Engine\Window">
      <UniqueIdentifier>{610e2f9d-8024-464c-90e7-e67867747c5f}</UniqueIdentifier>
    </Filter>
    <Filter Include="Engine\Editor">
      <UniqueIdentifier>{3c81c7ba-2fb1-4505-83ab-2a15a49e0d24}</UniqueIdentifier>
    </Filter>
    <Filter Include="Game\Logic">
      <UniqueIdentifier>{d05649a9-7455-4c72-8bd4-85426d597dec}</UniqueIdentifier>
    </Filter>
    <Filter Include="Game\World">
      <UniqueIdentifier>{74ae155e-24fe-40b5-8cdc-51102255f18a}</UniqueIdentifier>
    </Filter>
    <Filter Include="Game\Logic\Input">
      <UniqueIdentifier>{d746b361-5429-4928-a789-20d0aaae673b}</UniqueIdentifier>
    </Filter>
    <Filter Include="Game\Logic\Physics">
      <UniqueIdentifier>{d538ff4a-be70-475f-9b66-9eadbb86c1e6}</UniqueIdentifier>
    </Filter>
    <Filter Include="Game\LoadAndSave">
      <UniqueIdentifier>{e306350d-8cfd-4a77-b4a0-21e704ec6bd5}</UniqueIdentifier>
    </Filter>
    <Filter Include="Game\Component">
      <UniqueIdentifier>{f70be89a-c8b6-4a12-8ec5-f04ee1e876d0}</UniqueIdentifier>
    </Filter>
    <Filter Include="Game\Logic\Time">
      <UniqueIdentifier>{463e74af-509f-4f86-b5f4-d3972115dc36}</UniqueIdentifier>
    </Filter>
    <Filter Include="Game\GUI">
      <UniqueIdentifier>{8ca9e112-3aa6-4f3e-868e-ab85fb5a397f}</UniqueIdentifier>
    </Filter>
    <Filter Include="Game\GUI\Text">
      <UniqueIdentifier>{d88decec-9f71-41a5-9d46-62cc01a09ea9}</UniqueIdentifier>
    </Filter>
    <Filter Include="Game\GUI\Window">
      <UniqueIdentifier>{631d2440-0ed3-47e2-8d71-a01649a61566}</UniqueIdentifier>
    </Filter>
    <Filter Include="Game\GUI\Window\Addon">
      <UniqueIdentifier>{fd116e0a-e879-4e19-be2f-e7cf9be0b513}</UniqueIdentifier>
    </Filter>
    <Filter Include="Game\Item">
      <UniqueIdentifier>{b92c913b-d22b-462e-9e82-72cd667d6f61}</UniqueIdentifier>
    </Filter>
    <Filter Include="Other">
      <UniqueIdentifier>{b72af699-4ed4-44e8-8b97-e26a688be792}</UniqueIdentifier>
    </Filter>
    <Filter Include="Engine\Window\ItemCreator">
      <UniqueIdentifier>{685efb56-9bf8-4cfe-86d3-98a70e496fe0}</UniqueIdentifier>
    </Filter>
    <Filter Include="Engine\Window\DirectoryBrowser">
      <UniqueIdentifier>{4ee64188-7eaf-4367-ad4c-aaaa4dd2d24f}</UniqueIdentifier>
    </Filter>
    <Filter Include="Game\Effect">
      <UniqueIdentifier>{31ea8980-bb4a-4804-9cf1-d8821f44de1a}</UniqueIdentifier>
    </Filter>
    <Filter Include="Engine\Window\QuesetCreator">
      <UniqueIdentifier>{02ea16c0-064c-4d0e-9a09-d7a14c9b02bc}</UniqueIdentifier>
    </Filter>
    <Filter Include="Game\Quest">
      <UniqueIdentifier>{0c385113-fa0a-4622-b961-8b9ab9635a80}</UniqueIdentifier>
    </Filter>
  </ItemGroup>
  <ItemGroup>
    <ClInclude Include="Project\Game\Component\BaseComponent.hpp">
      <Filter>Game\Component</Filter>
    </ClInclude>
    <ClInclude Include="Project\Game\Component\DialogComponent.hpp">
      <Filter>Game\Component</Filter>
    </ClInclude>
    <ClInclude Include="Project\Game\Component\EquipmentComponent.hpp">
      <Filter>Game\Component</Filter>
    </ClInclude>
    <ClInclude Include="Project\Game\Component\GameObject.h">
      <Filter>Game\Component</Filter>
    </ClInclude>
    <ClInclude Include="Project\Game\Component\HealthComponent.hpp">
      <Filter>Game\Component</Filter>
    </ClInclude>
    <ClInclude Include="Project\Game\Component\HitboxComponent.hpp">
      <Filter>Game\Component</Filter>
    </ClInclude>
    <ClInclude Include="Project\Game\Component\IBaseComponent.hpp">
      <Filter>Game\Component</Filter>
    </ClInclude>
    <ClInclude Include="Project\Game\Component\InventoryComponent.hpp">
      <Filter>Game\Component</Filter>
    </ClInclude>
    <ClInclude Include="Project\Game\Component\MovementComponent.hpp">
      <Filter>Game\Component</Filter>
    </ClInclude>
    <ClInclude Include="Project\Game\Component\OverheadComponent.hpp">
      <Filter>Game\Component</Filter>
    </ClInclude>
    <ClInclude Include="Project\Game\Component\PickupComponent.hpp">
      <Filter>Game\Component</Filter>
    </ClInclude>
    <ClInclude Include="Project\Game\Component\PlayerComponent.hpp">
      <Filter>Game\Component</Filter>
    </ClInclude>
    <ClInclude Include="Project\Game\Component\ProjectilePatternComponent.hpp">
      <Filter>Game\Component</Filter>
    </ClInclude>
    <ClInclude Include="Project\Game\Component\RenderComponent.h">
      <Filter>Game\Component</Filter>
    </ClInclude>
    <ClInclude Include="Project\Game\Component\ReputationComponent.hpp">
      <Filter>Game\Component</Filter>
    </ClInclude>
    <ClInclude Include="Project\Game\Component\RigidComponent.hpp">
      <Filter>Game\Component</Filter>
    </ClInclude>
    <ClInclude Include="Project\Game\Component\StatsComponent.hpp">
      <Filter>Game\Component</Filter>
    </ClInclude>
    <ClInclude Include="Project\Game\Component\TransformComponent.hpp">
      <Filter>Game\Component</Filter>
    </ClInclude>
    <ClInclude Include="Project\Game\GUI\Text\FloatingDamage.hpp">
      <Filter>Game\GUI\Text</Filter>
    </ClInclude>
    <ClInclude Include="Project\Game\GUI\Text\FloatingText.hpp">
      <Filter>Game\GUI\Text</Filter>
    </ClInclude>
    <ClInclude Include="Project\Game\GUI\Text\Font.hpp">
      <Filter>Game\GUI\Text</Filter>
    </ClInclude>
    <ClInclude Include="Project\Game\GUI\Text\InputBox.hpp">
      <Filter>Game\GUI\Text</Filter>
    </ClInclude>
    <ClInclude Include="Project\Game\GUI\Window\Addon\Button.hpp">
      <Filter>Game\GUI\Window\Addon</Filter>
    </ClInclude>
    <ClInclude Include="Project\Game\GUI\Window\Addon\InputDialog.hpp">
      <Filter>Game\GUI\Window\Addon</Filter>
    </ClInclude>
    <ClInclude Include="Project\Game\GUI\Window\Addon\ScrollBar.hpp">
      <Filter>Game\GUI\Window\Addon</Filter>
    </ClInclude>
    <ClInclude Include="Project\Game\GUI\Window\Addon\WindowIcon.hpp">
      <Filter>Game\GUI\Window\Addon</Filter>
    </ClInclude>
    <ClInclude Include="Project\Game\GUI\Window\BaseWindowObject.hpp">
      <Filter>Game\GUI\Window</Filter>
    </ClInclude>
    <ClInclude Include="Project\Game\GUI\Window\InventoryWindow.hpp">
      <Filter>Game\GUI\Window</Filter>
    </ClInclude>
    <ClInclude Include="Project\Game\GUI\Window\StatsWindow.hpp">
      <Filter>Game\GUI\Window</Filter>
    </ClInclude>
    <ClInclude Include="Project\Game\GUI\Window\TradeWindow.hpp">
      <Filter>Game\GUI\Window</Filter>
    </ClInclude>
    <ClInclude Include="Project\Game\GUI\Window\BaseWindow.hpp">
      <Filter>Game\GUI\Window</Filter>
    </ClInclude>
    <ClInclude Include="Project\Game\Item\Armor.hpp">
      <Filter>Game\Item</Filter>
    </ClInclude>
    <ClInclude Include="Project\Game\Item\Bag.hpp">
      <Filter>Game\Item</Filter>
    </ClInclude>
    <ClInclude Include="Project\Game\Item\Item.hpp">
      <Filter>Game\Item</Filter>
    </ClInclude>
    <ClInclude Include="Project\Game\World\WorldManagement.hpp">
      <Filter>Game\World</Filter>
    </ClInclude>
    <ClInclude Include="Project\Game\World\Zone.hpp">
      <Filter>Game\World</Filter>
    </ClInclude>
    <ClInclude Include="Project\Game\LoadAndSave\LoadAndSave.hpp">
      <Filter>Game\LoadAndSave</Filter>
    </ClInclude>
    <ClInclude Include="Project\Game\LoadAndSave\Prefab.hpp">
      <Filter>Game\LoadAndSave</Filter>
    </ClInclude>
    <ClInclude Include="Project\Game\LoadAndSave\PrefabContainer.hpp">
      <Filter>Game\LoadAndSave</Filter>
    </ClInclude>
    <ClInclude Include="Project\Game\Logic\Input\InputHandler.hpp">
      <Filter>Game\Logic\Input</Filter>
    </ClInclude>
    <ClInclude Include="Project\Game\Logic\Input\Mouse.hpp">
      <Filter>Game\Logic\Input</Filter>
    </ClInclude>
    <ClInclude Include="Project\Game\Logic\Physics\Physics.hpp">
      <Filter>Game\Logic\Physics</Filter>
    </ClInclude>
    <ClInclude Include="Project\Game\Logic\Time\Time.hpp">
      <Filter>Game\Logic\Time</Filter>
    </ClInclude>
    <ClInclude Include="Project\Game\Game.h">
      <Filter>Game</Filter>
    </ClInclude>
    <ClInclude Include="Project\Game\Gfx.h">
      <Filter>Game</Filter>
    </ClInclude>
    <ClInclude Include="Project\Game\Tile.h">
      <Filter>Game</Filter>
    </ClInclude>
    <ClInclude Include="Project\Engine.hpp" />
    <ClInclude Include="Project\Engine\Resource.h">
      <Filter>Engine</Filter>
    </ClInclude>
    <ClInclude Include="Project\Game\GUI\GraphicalUserInterface.hpp">
      <Filter>Game\GUI</Filter>
    </ClInclude>
    <ClInclude Include="Project\Game\GUI\ToolTip.hpp">
      <Filter>Game\GUI</Filter>
    </ClInclude>
    <ClInclude Include="Project\Engine\Editor\BaseField.hpp">
      <Filter>Engine\Editor</Filter>
    </ClInclude>
    <ClInclude Include="Project\Engine\Editor\EditorField.hpp">
      <Filter>Engine\Editor</Filter>
    </ClInclude>
    <ClInclude Include="Project\Engine\Editor\EditorFieldGroup.hpp">
      <Filter>Engine\Editor</Filter>
    </ClInclude>
    <ClInclude Include="Project\Engine\Editor\EditorIDAssigner.hpp">
      <Filter>Engine\Editor</Filter>
    </ClInclude>
    <ClInclude Include="Project\Engine\Editor\UIAddon.hpp">
      <Filter>Engine\Editor</Filter>
    </ClInclude>
    <ClInclude Include="Project\Engine\Window\Debug\EngineDebugWindow.hpp">
      <Filter>Engine\Window</Filter>
    </ClInclude>
    <ClInclude Include="Project\Engine\Window\enginewindow.hpp">
      <Filter>Engine\Window</Filter>
    </ClInclude>
    <ClInclude Include="Project\Engine\Window\Focus\EngineFocusWindow.hpp">
      <Filter>Engine\Window</Filter>
    </ClInclude>
    <ClInclude Include="Project\Engine\Window\ListViewer\EngineObjectListViewer.hpp">
      <Filter>Engine\Window</Filter>
    </ClInclude>
    <ClInclude Include="Project\Game\GameView.hpp">
      <Filter>Game</Filter>
    </ClInclude>
    <ClInclude Include="Project\Vector.h" />
    <ClInclude Include="Project\Game\LoadAndSave\DatabaseIndex.hpp">
      <Filter>Game\LoadAndSave</Filter>
    </ClInclude>
    <ClInclude Include="Project\Game\World\ModLoader.hpp">
      <Filter>Game\World</Filter>
    </ClInclude>
    <ClInclude Include="Project\Game\GUI\Text\Message.hpp">
      <Filter>Game\GUI\Text</Filter>
    </ClInclude>
    <ClInclude Include="Project\Game\World\RespawnContainer.hpp">
      <Filter>Game\World</Filter>
    </ClInclude>
    <ClInclude Include="Project\Game\World\DBZone.hpp">
      <Filter>Game\World</Filter>
    </ClInclude>
    <ClInclude Include="Project\Game\Logic\Physics\BoundingBox.hpp">
      <Filter>Game\Logic\Physics</Filter>
    </ClInclude>
    <ClInclude Include="Project\Game\GUI\Window\Addon\ProgressBar.hpp">
      <Filter>Game\GUI\Window\Addon</Filter>
    </ClInclude>
    <ClInclude Include="Project\Engine\Window\ListViewer\EnginePrefabListViewer.hpp">
      <Filter>Engine\Window</Filter>
    </ClInclude>
    <ClInclude Include="Project\Engine\Window\ItemCreator\EngineItemCreatorWindow.hpp">
      <Filter>Engine\Window\ItemCreator</Filter>
    </ClInclude>
    <ClInclude Include="Project\Engine\Window\DirectoryBrowser\DirectoryBrowser.hpp">
      <Filter>Engine\Window\DirectoryBrowser</Filter>
    </ClInclude>
    <ClInclude Include="Project\Engine\Window\ItemCreator\EngineItemCreatorTypeField.hpp">
      <Filter>Engine\Window\ItemCreator</Filter>
    </ClInclude>
    <ClInclude Include="Project\Engine\Window\ItemCreator\EngineItemCreatorImageField.hpp">
      <Filter>Engine\Window\ItemCreator</Filter>
    </ClInclude>
    <ClInclude Include="Project\Engine\Window\ItemCreator\AttachmentPointDialog.hpp">
      <Filter>Engine\Window\ItemCreator</Filter>
    </ClInclude>
    <ClInclude Include="Project\Game\Item\Ammo.hpp">
      <Filter>Game\Item</Filter>
    </ClInclude>
    <ClInclude Include="Project\Game\Item\Consumable.hpp">
      <Filter>Game\Item</Filter>
    </ClInclude>
    <ClInclude Include="Project\Game\Effect\Effect.hpp">
      <Filter>Game\Effect</Filter>
    </ClInclude>
    <ClInclude Include="Project\Engine\Window\ItemCreator\EffectEnchantDialog.hpp">
      <Filter>Engine\Window\ItemCreator</Filter>
    </ClInclude>
    <ClInclude Include="Project\Game\Quest\Quest.hpp">
      <Filter>Game\Quest</Filter>
    </ClInclude>
    <ClInclude Include="Project\Game\Quest\QuestObjective.hpp">
      <Filter>Game\Quest</Filter>
    </ClInclude>
    <ClInclude Include="Project\Game\Effect\Enchantment.hpp">
      <Filter>Game\Effect</Filter>
    </ClInclude>
    <ClInclude Include="Project\Engine\Window\QuestCreator\EngineQuestCreatorWindow.hpp">
      <Filter>Engine\Window\QuesetCreator</Filter>
    </ClInclude>
    <ClInclude Include="Project\Engine\Window\QuestCreator\QuestRewardSelector.hpp">
      <Filter>Engine\Window\QuesetCreator</Filter>
    </ClInclude>
    <ClInclude Include="Project\Engine\Window\QuestCreator\QuestObjectiveCreator.hpp">
      <Filter>Engine\Window\QuesetCreator</Filter>
    </ClInclude>
    <ClInclude Include="Project\Engine\Window\QuestCreator\QuestObjectiveSetTargetWindow.hpp">
      <Filter>Engine\Window\QuesetCreator</Filter>
    </ClInclude>
    <ClInclude Include="Project\Game\LoadAndSave\ModHeader.hpp">
      <Filter>Game\LoadAndSave</Filter>
    </ClInclude>
    <ClInclude Include="Project\Game\LoadAndSave\EditorObjectSaveMode.hpp">
      <Filter>Game\LoadAndSave</Filter>
    </ClInclude>
  </ItemGroup>
  <ItemGroup>
    <ClCompile Include="Project\Game\Component\BaseComponentDefiner.cpp">
      <Filter>Game\Component</Filter>
    </ClCompile>
    <ClCompile Include="Project\Game\Component\DialogComponentDefiner.cpp">
      <Filter>Game\Component</Filter>
    </ClCompile>
    <ClCompile Include="Project\Game\Component\EquipmentComponentDefiner.cpp">
      <Filter>Game\Component</Filter>
    </ClCompile>
    <ClCompile Include="Project\Game\Component\GameObjectDefiner.cpp">
      <Filter>Game\Component</Filter>
    </ClCompile>
    <ClCompile Include="Project\Game\Component\HealthComponent.cpp">
      <Filter>Game\Component</Filter>
    </ClCompile>
    <ClCompile Include="Project\Game\Component\HitboxComponentDefiner.cpp">
      <Filter>Game\Component</Filter>
    </ClCompile>
    <ClCompile Include="Project\Game\Component\InventoryComponent.cpp">
      <Filter>Game\Component</Filter>
    </ClCompile>
    <ClCompile Include="Project\Game\Component\MovementComponentDefiner.cpp">
      <Filter>Game\Component</Filter>
    </ClCompile>
    <ClCompile Include="Project\Game\Component\OverheadComponent.cpp">
      <Filter>Game\Component</Filter>
    </ClCompile>
    <ClCompile Include="Project\Game\Component\PickupComponent.cpp">
      <Filter>Game\Component</Filter>
    </ClCompile>
    <ClCompile Include="Project\Game\Component\PlayerComponentDefiner.cpp">
      <Filter>Game\Component</Filter>
    </ClCompile>
    <ClCompile Include="Project\Game\Component\ProjectilePatternComponentDefiner.cpp">
      <Filter>Game\Component</Filter>
    </ClCompile>
    <ClCompile Include="Project\Game\Component\RenderComponentDefiner.cpp">
      <Filter>Game\Component</Filter>
    </ClCompile>
    <ClCompile Include="Project\Game\Component\ReputationComponentDefiners.cpp">
      <Filter>Game\Component</Filter>
    </ClCompile>
    <ClCompile Include="Project\Game\Component\RigidComponentDefiner.cpp">
      <Filter>Game\Component</Filter>
    </ClCompile>
    <ClCompile Include="Project\Game\Component\StatsComponentDefiner.cpp">
      <Filter>Game\Component</Filter>
    </ClCompile>
    <ClCompile Include="Project\Game\Component\TransformComponentDefiner.cpp">
      <Filter>Game\Component</Filter>
    </ClCompile>
    <ClCompile Include="Project\Game\Component\TransformComponentHandler.cpp">
      <Filter>Game\Component</Filter>
    </ClCompile>
    <ClCompile Include="Project\Game\GUI\Text\FloatingDamageDefiner.cpp">
      <Filter>Game\GUI\Text</Filter>
    </ClCompile>
    <ClCompile Include="Project\Game\GUI\Text\FloatingTextDefiner.cpp">
      <Filter>Game\GUI\Text</Filter>
    </ClCompile>
    <ClCompile Include="Project\Game\GUI\Text\FontDefiner.cpp">
      <Filter>Game\GUI\Text</Filter>
    </ClCompile>
    <ClCompile Include="Project\Game\GUI\Text\InputBoxDefiner.cpp">
      <Filter>Game\GUI\Text</Filter>
    </ClCompile>
    <ClCompile Include="Project\Game\GUI\Window\Addon\ButtonDefiner.cpp">
      <Filter>Game\GUI\Window\Addon</Filter>
    </ClCompile>
    <ClCompile Include="Project\Game\GUI\Window\Addon\InputDialog.cpp">
      <Filter>Game\GUI\Window\Addon</Filter>
    </ClCompile>
    <ClCompile Include="Project\Game\GUI\Window\Addon\ScrollBarDefiner.cpp">
      <Filter>Game\GUI\Window\Addon</Filter>
    </ClCompile>
    <ClCompile Include="Project\Game\GUI\Window\Addon\WindowIconDefiner.cpp">
      <Filter>Game\GUI\Window\Addon</Filter>
    </ClCompile>
    <ClCompile Include="Project\Game\GUI\Window\BaseWindowObjectDefiner.cpp">
      <Filter>Game\GUI\Window</Filter>
    </ClCompile>
    <ClCompile Include="Project\Game\GUI\Window\InventoryWindowDefiner.cpp">
      <Filter>Game\GUI\Window</Filter>
    </ClCompile>
    <ClCompile Include="Project\Game\GUI\Window\StatsWindow.cpp">
      <Filter>Game\GUI\Window</Filter>
    </ClCompile>
    <ClCompile Include="Project\Game\GUI\Window\TradeWindow.cpp">
      <Filter>Game\GUI\Window</Filter>
    </ClCompile>
    <ClCompile Include="Project\Game\GUI\Window\BaseWindowDefiner.cpp">
      <Filter>Game\GUI\Window</Filter>
    </ClCompile>
    <ClCompile Include="Project\Game\Item\ArmorDefiner.cpp">
      <Filter>Game\Item</Filter>
    </ClCompile>
    <ClCompile Include="Project\Game\Item\BagDefiner.cpp">
      <Filter>Game\Item</Filter>
    </ClCompile>
    <ClCompile Include="Project\Game\Item\ItemDefiner.cpp">
      <Filter>Game\Item</Filter>
    </ClCompile>
    <ClCompile Include="Project\Game\World\WorldManagement.cpp">
      <Filter>Game\World</Filter>
    </ClCompile>
    <ClCompile Include="Project\Game\World\Zone.cpp">
      <Filter>Game\World</Filter>
    </ClCompile>
    <ClCompile Include="Project\Game\LoadAndSave\LoadAndSave.cpp">
      <Filter>Game\LoadAndSave</Filter>
    </ClCompile>
    <ClCompile Include="Project\Game\LoadAndSave\PrefabContainerDefiner.cpp">
      <Filter>Game\LoadAndSave</Filter>
    </ClCompile>
    <ClCompile Include="Project\Game\LoadAndSave\PrefabDefiner.cpp">
      <Filter>Game\LoadAndSave</Filter>
    </ClCompile>
    <ClCompile Include="Project\Game\Logic\Input\InputHandlerDefiner.cpp">
      <Filter>Game\Logic\Input</Filter>
    </ClCompile>
    <ClCompile Include="Project\Game\Logic\Input\Mouse.cpp">
      <Filter>Game\Logic\Input</Filter>
    </ClCompile>
    <ClCompile Include="Project\Game\Logic\Physics\PhysicsEngineDefiner.cpp">
      <Filter>Game\Logic\Physics</Filter>
    </ClCompile>
    <ClCompile Include="Project\Game\Logic\Physics\PhysicsEngineHandler.cpp">
      <Filter>Game\Logic\Physics</Filter>
    </ClCompile>
    <ClCompile Include="Project\Game\Logic\Time\TimeDefiner.cpp">
      <Filter>Game\Logic\Time</Filter>
    </ClCompile>
    <ClCompile Include="Project\Game\TileDefiner.cpp">
      <Filter>Game</Filter>
    </ClCompile>
    <ClCompile Include="Project\Game\GameDefiner.cpp">
      <Filter>Game</Filter>
    </ClCompile>
    <ClCompile Include="Project\Game\GameHandler.cpp">
      <Filter>Game</Filter>
    </ClCompile>
    <ClCompile Include="Project\Game\RenderHandlerDefiner.cpp">
      <Filter>Game</Filter>
    </ClCompile>
    <ClCompile Include="Project\WindowHandler.cpp" />
    <ClCompile Include="Project\Game\GUI\GraphicalUserInterface.cpp">
      <Filter>Game\GUI</Filter>
    </ClCompile>
    <ClCompile Include="Project\Game\GUI\GraphicalUserInterfaceHandler.cpp">
      <Filter>Game\GUI</Filter>
    </ClCompile>
    <ClCompile Include="Project\Game\GUI\ToolTipDefiner.cpp">
      <Filter>Game\GUI</Filter>
    </ClCompile>
    <ClCompile Include="Project\Engine\Editor\EditorFieldHandler.cpp">
      <Filter>Engine\Editor</Filter>
    </ClCompile>
    <ClCompile Include="Project\Engine\Editor\EditorIDAssignerDefiner.cpp">
      <Filter>Engine\Editor</Filter>
    </ClCompile>
    <ClCompile Include="Project\Engine\Window\Debug\EngineDebugWindowDefiner.cpp">
      <Filter>Engine\Window</Filter>
    </ClCompile>
    <ClCompile Include="Project\Engine\Window\EngineWindowDefiner.cpp">
      <Filter>Engine\Window</Filter>
    </ClCompile>
    <ClCompile Include="Project\Engine\Window\EngineWindowHandler.cpp">
      <Filter>Engine\Window</Filter>
    </ClCompile>
    <ClCompile Include="Project\Engine\Window\Focus\EngineFocusWindowDefiner.cpp">
      <Filter>Engine\Window</Filter>
    </ClCompile>
    <ClCompile Include="Project\Engine\Window\ListViewer\EngineObjectListViewerDefiner.cpp">
      <Filter>Engine\Window</Filter>
    </ClCompile>
    <ClCompile Include="Project\Game\GameViewDefiner.cpp">
      <Filter>Game</Filter>
    </ClCompile>
    <ClCompile Include="Project\VectorDefiner.cpp" />
    <ClCompile Include="Project\Game\World\ModLoaderDefiner.cpp">
      <Filter>Game\World</Filter>
    </ClCompile>
    <ClCompile Include="Project\Game\GUI\Text\MessageDefiner.cpp">
      <Filter>Game\GUI\Text</Filter>
    </ClCompile>
    <ClCompile Include="Project\Game\Logic\Physics\BoundingBoxDefiner.cpp">
      <Filter>Game\Logic\Physics</Filter>
    </ClCompile>
    <ClCompile Include="Project\Game\GUI\Window\Addon\ProgressBar.cpp">
      <Filter>Game\GUI\Window\Addon</Filter>
    </ClCompile>
    <ClCompile Include="Project\Engine\Window\ListViewer\EnginePrefabListViewerDefiner.cpp">
      <Filter>Engine\Window</Filter>
    </ClCompile>
    <ClCompile Include="Project\Engine\Window\ItemCreator\EngineItemCreatorWindowDefiner.cpp">
      <Filter>Engine\Window\ItemCreator</Filter>
    </ClCompile>
    <ClCompile Include="Project\Engine\Window\DirectoryBrowser\DirectoryBrowser.cpp">
      <Filter>Engine\Window\DirectoryBrowser</Filter>
    </ClCompile>
    <ClCompile Include="Project\Engine\Window\ItemCreator\EngineItemCreatorTypeFieldDefiner.cpp">
      <Filter>Engine\Window\ItemCreator</Filter>
    </ClCompile>
    <ClCompile Include="Project\Engine\Window\ItemCreator\EngineItemCreatorImageFieldDefiner.cpp">
      <Filter>Engine\Window\ItemCreator</Filter>
    </ClCompile>
    <ClCompile Include="Project\Engine\Window\ItemCreator\AttachmentPointDialogDefiner.cpp">
      <Filter>Engine\Window\ItemCreator</Filter>
    </ClCompile>
    <ClCompile Include="Project\Game\Item\Ammo.cpp">
      <Filter>Game\Item</Filter>
    </ClCompile>
    <ClCompile Include="Project\Game\Item\Consumable.cpp">
      <Filter>Game\Item</Filter>
    </ClCompile>
    <ClCompile Include="Project\Game\Effect\EffectDefiner.cpp">
      <Filter>Game\Effect</Filter>
    </ClCompile>
    <ClCompile Include="Project\Engine\Window\ItemCreator\EffectEnchantDialogDefiner.cpp">
      <Filter>Engine\Window\ItemCreator</Filter>
    </ClCompile>
    <ClCompile Include="Project\Engine\Window\QuestCreator\EngineQuestCreatorWindowDefiner.cpp">
      <Filter>Engine\Window\QuesetCreator</Filter>
    </ClCompile>
    <ClCompile Include="Project\Engine\Window\QuestCreator\QuestRewardSelectorDefiner.cpp">
      <Filter>Engine\Window\QuesetCreator</Filter>
    </ClCompile>
    <ClCompile Include="Project\Engine\Window\QuestCreator\QuestObjectiveCreatorDefiner.cpp">
      <Filter>Engine\Window\QuesetCreator</Filter>
    </ClCompile>
    <ClCompile Include="Project\Engine\Window\QuestCreator\QuestObjectiveSetTargetWindowDefiner.cpp">
      <Filter>Engine\Window\QuesetCreator</Filter>
    </ClCompile>
  </ItemGroup>
  <ItemGroup>
    <ResourceCompile Include="Project\Other\MenuBar.rc">
      <Filter>Other</Filter>
    </ResourceCompile>
  </ItemGroup>
</Project>