
Microsoft Visual Studio Solution File, Format Version 12.00
# Visual Studio Version 17
VisualStudioVersion = 17.3.32804.467
MinimumVisualStudioVersion = 10.0.40219.1
Project("{8BC9CEB8-8B4A-11D0-8D11-00A0C91BC942}") = "OneFlower", "OneFlower.vcxproj", "{7018A509-38BF-4391-B188-948A7FEE55AA}"
	ProjectSection(ProjectDependencies) = postProject
		{6EAB880B-DAB4-887C-6330-9F7CCF38947C} = {6EAB880B-DAB4-887C-6330-9F7CCF38947C}
		{DCAB880B-48B5-887C-D130-9F7C3D39947C} = {DCAB880B-48B5-887C-D130-9F7C3D39947C}
		{169C8510-82B0-ADC1-4B32-5121B705AAF2} = {169C8510-82B0-ADC1-4B32-5121B705AAF2}
		{CFC2F712-BB64-22E9-A41F-363D9060A939} = {CFC2F712-BB64-22E9-A41F-363D9060A939}
		{5DD36FB5-C9B2-EE50-D2CA-79273E2955B2} = {5DD36FB5-C9B2-EE50-D2CA-79273E2955B2}
	EndProjectSection
EndProject
Project("{2150E333-8FDC-42A3-9474-1A3956D46DE8}") = "Swizzle", "Swizzle", "{7D6522AA-5952-454D-9A28-9B2559F71BB8}"
EndProject
Project("{2150E333-8FDC-42A3-9474-1A3956D46DE8}") = "libs", "libs", "{49A97CA5-85EC-44C9-8ECA-E56C7A1478C9}"
EndProject
Project("{2150E333-8FDC-42A3-9474-1A3956D46DE8}") = "engine", "engine", "{184BDED3-356C-4D47-89DD-19D9FA636326}"
EndProject
Project("{2150E333-8FDC-42A3-9474-1A3956D46DE8}") = "vendor", "vendor", "{8E9EAEC0-C359-456D-9829-996B1F9D77E8}"
EndProject
Project("{8BC9CEB8-8B4A-11D0-8D11-00A0C91BC942}") = "stb", "swizzle\build\vs2019\stb\stb.vcxproj", "{6EAB880B-DAB4-887C-6330-9F7CCF38947C}"
EndProject
Project("{8BC9CEB8-8B4A-11D0-8D11-00A0C91BC942}") = "optick", "swizzle\build\vs2019\optick\optick.vcxproj", "{CFC2F712-BB64-22E9-A41F-363D9060A939}"
EndProject
Project("{8BC9CEB8-8B4A-11D0-8D11-00A0C91BC942}") = "imgui", "swizzle\build\vs2019\imgui\imgui.vcxproj", "{0098A80F-6CAC-D0C0-352E-7420A101CDF1}"
EndProject
Project("{8BC9CEB8-8B4A-11D0-8D11-00A0C91BC942}") = "google-test", "swizzle\build\vs2019\google-test\google-test.vcxproj", "{CF98574D-3B4E-D042-C442-CA1930F7C646}"
EndProject
Project("{8BC9CEB8-8B4A-11D0-8D11-00A0C91BC942}") = "utils", "swizzle\build\vs2019\utils\utils.vcxproj", "{169C8510-82B0-ADC1-4B32-5121B705AAF2}"
EndProject
Project("{8BC9CEB8-8B4A-11D0-8D11-00A0C91BC942}") = "swm", "swizzle\build\vs2019\swm\swm.vcxproj", "{DCAB880B-48B5-887C-D130-9F7C3D39947C}"
EndProject
Project("{8BC9CEB8-8B4A-11D0-8D11-00A0C91BC942}") = "script", "swizzle\build\vs2019\script\script.vcxproj", "{BA0F601B-A6B1-8AF1-8F6C-9E457BAD1142}"
EndProject
Project("{8BC9CEB8-8B4A-11D0-8D11-00A0C91BC942}") = "physics", "swizzle\build\vs2019\physics\physics.vcxproj", "{A823A1AC-1403-2048-1D1B-AB1E897986A9}"
EndProject
Project("{8BC9CEB8-8B4A-11D0-8D11-00A0C91BC942}") = "swizzle", "swizzle\build\vs2019\swizzle\swizzle.vcxproj", "{5DD36FB5-C9B2-EE50-D2CA-79273E2955B2}"
EndProject
Project("{2150E333-8FDC-42A3-9474-1A3956D46DE8}") = "Engine", "Engine", "{346570B9-7CCA-47D9-B849-733597AB2C03}"
EndProject
Project("{8BC9CEB8-8B4A-11D0-8D11-00A0C91BC942}") = "ofutils", "OneFlowerLibs\ofutils\ofutils.vcxproj", "{95BFD529-031B-441C-BABD-3A028DFD3B92}"
EndProject
Project("{2150E333-8FDC-42A3-9474-1A3956D46DE8}") = "Modules", "Modules", "{28371579-FDB0-4EA0-9DC2-0EE2BA2CFBC6}"
EndProject
Project("{8BC9CEB8-8B4A-11D0-8D11-00A0C91BC942}") = "base-module", "OneFlowerLibs\base-module\base-module.vcxproj", "{AA50C674-CE61-47D6-B079-F3DD1B58CD24}"
EndProject
Project("{8BC9CEB8-8B4A-11D0-8D11-00A0C91BC942}") = "logger", "OneFlowerLibs\logger\logger.vcxproj", "{6171F1D2-3A1D-470C-BD38-355A11618513}"
EndProject
Global
	GlobalSection(SolutionConfigurationPlatforms) = preSolution
		Debug|x64 = Debug|x64
		Debug|x86 = Debug|x86
		DebugEditor|x64 = DebugEditor|x64
		DebugEditor|x86 = DebugEditor|x86
		Release|x64 = Release|x64
		Release|x86 = Release|x86
		ReleaseEditor|x64 = ReleaseEditor|x64
		ReleaseEditor|x86 = ReleaseEditor|x86
		RelWDbgInfo|x64 = RelWDbgInfo|x64
		RelWDbgInfo|x86 = RelWDbgInfo|x86
		UnitTests|x64 = UnitTests|x64
		UnitTests|x86 = UnitTests|x86
	EndGlobalSection
	GlobalSection(ProjectConfigurationPlatforms) = postSolution
		{7018A509-38BF-4391-B188-948A7FEE55AA}.Debug|x64.ActiveCfg = Debug|x64
		{7018A509-38BF-4391-B188-948A7FEE55AA}.Debug|x64.Build.0 = Debug|x64
		{7018A509-38BF-4391-B188-948A7FEE55AA}.Debug|x86.ActiveCfg = Debug|x64
		{7018A509-38BF-4391-B188-948A7FEE55AA}.Debug|x86.Build.0 = Debug|x64
		{7018A509-38BF-4391-B188-948A7FEE55AA}.DebugEditor|x64.ActiveCfg = DebugEditor|x64
		{7018A509-38BF-4391-B188-948A7FEE55AA}.DebugEditor|x64.Build.0 = DebugEditor|x64
		{7018A509-38BF-4391-B188-948A7FEE55AA}.DebugEditor|x86.ActiveCfg = DebugEditor|x64
		{7018A509-38BF-4391-B188-948A7FEE55AA}.DebugEditor|x86.Build.0 = DebugEditor|x64
		{7018A509-38BF-4391-B188-948A7FEE55AA}.Release|x64.ActiveCfg = Release|x64
		{7018A509-38BF-4391-B188-948A7FEE55AA}.Release|x64.Build.0 = Release|x64
		{7018A509-38BF-4391-B188-948A7FEE55AA}.Release|x86.ActiveCfg = Release|x64
		{7018A509-38BF-4391-B188-948A7FEE55AA}.Release|x86.Build.0 = Release|x64
		{7018A509-38BF-4391-B188-948A7FEE55AA}.ReleaseEditor|x64.ActiveCfg = ReleaseEditor|x64
		{7018A509-38BF-4391-B188-948A7FEE55AA}.ReleaseEditor|x64.Build.0 = ReleaseEditor|x64
		{7018A509-38BF-4391-B188-948A7FEE55AA}.ReleaseEditor|x86.ActiveCfg = ReleaseEditor|x64
		{7018A509-38BF-4391-B188-948A7FEE55AA}.ReleaseEditor|x86.Build.0 = ReleaseEditor|x64
		{7018A509-38BF-4391-B188-948A7FEE55AA}.RelWDbgInfo|x64.ActiveCfg = ReleaseEditor|x64
		{7018A509-38BF-4391-B188-948A7FEE55AA}.RelWDbgInfo|x64.Build.0 = ReleaseEditor|x64
		{7018A509-38BF-4391-B188-948A7FEE55AA}.RelWDbgInfo|x86.ActiveCfg = ReleaseEditor|x64
		{7018A509-38BF-4391-B188-948A7FEE55AA}.RelWDbgInfo|x86.Build.0 = ReleaseEditor|x64
		{7018A509-38BF-4391-B188-948A7FEE55AA}.UnitTests|x64.ActiveCfg = UnitTests|x64
		{7018A509-38BF-4391-B188-948A7FEE55AA}.UnitTests|x64.Build.0 = UnitTests|x64
		{7018A509-38BF-4391-B188-948A7FEE55AA}.UnitTests|x86.ActiveCfg = UnitTests|x64
		{7018A509-38BF-4391-B188-948A7FEE55AA}.UnitTests|x86.Build.0 = UnitTests|x64
		{6EAB880B-DAB4-887C-6330-9F7CCF38947C}.Debug|x64.ActiveCfg = Debug|x64
		{6EAB880B-DAB4-887C-6330-9F7CCF38947C}.Debug|x64.Build.0 = Debug|x64
		{6EAB880B-DAB4-887C-6330-9F7CCF38947C}.Debug|x86.ActiveCfg = Debug|x64
		{6EAB880B-DAB4-887C-6330-9F7CCF38947C}.Debug|x86.Build.0 = Debug|x64
		{6EAB880B-DAB4-887C-6330-9F7CCF38947C}.DebugEditor|x64.ActiveCfg = Debug|x64
		{6EAB880B-DAB4-887C-6330-9F7CCF38947C}.DebugEditor|x64.Build.0 = Debug|x64
		{6EAB880B-DAB4-887C-6330-9F7CCF38947C}.DebugEditor|x86.ActiveCfg = Debug|x64
		{6EAB880B-DAB4-887C-6330-9F7CCF38947C}.DebugEditor|x86.Build.0 = Debug|x64
		{6EAB880B-DAB4-887C-6330-9F7CCF38947C}.Release|x64.ActiveCfg = Release|x64
		{6EAB880B-DAB4-887C-6330-9F7CCF38947C}.Release|x64.Build.0 = Release|x64
		{6EAB880B-DAB4-887C-6330-9F7CCF38947C}.Release|x86.ActiveCfg = Release|x64
		{6EAB880B-DAB4-887C-6330-9F7CCF38947C}.Release|x86.Build.0 = Release|x64
		{6EAB880B-DAB4-887C-6330-9F7CCF38947C}.ReleaseEditor|x64.ActiveCfg = Release|x64
		{6EAB880B-DAB4-887C-6330-9F7CCF38947C}.ReleaseEditor|x64.Build.0 = Release|x64
		{6EAB880B-DAB4-887C-6330-9F7CCF38947C}.ReleaseEditor|x86.ActiveCfg = RelWDbgInfo|x64
		{6EAB880B-DAB4-887C-6330-9F7CCF38947C}.ReleaseEditor|x86.Build.0 = RelWDbgInfo|x64
		{6EAB880B-DAB4-887C-6330-9F7CCF38947C}.RelWDbgInfo|x64.ActiveCfg = RelWDbgInfo|x64
		{6EAB880B-DAB4-887C-6330-9F7CCF38947C}.RelWDbgInfo|x64.Build.0 = RelWDbgInfo|x64
		{6EAB880B-DAB4-887C-6330-9F7CCF38947C}.RelWDbgInfo|x86.ActiveCfg = RelWDbgInfo|x64
		{6EAB880B-DAB4-887C-6330-9F7CCF38947C}.RelWDbgInfo|x86.Build.0 = RelWDbgInfo|x64
		{6EAB880B-DAB4-887C-6330-9F7CCF38947C}.UnitTests|x64.ActiveCfg = RelWDbgInfo|x64
		{6EAB880B-DAB4-887C-6330-9F7CCF38947C}.UnitTests|x64.Build.0 = RelWDbgInfo|x64
		{6EAB880B-DAB4-887C-6330-9F7CCF38947C}.UnitTests|x86.ActiveCfg = RelWDbgInfo|x64
		{6EAB880B-DAB4-887C-6330-9F7CCF38947C}.UnitTests|x86.Build.0 = RelWDbgInfo|x64
		{CFC2F712-BB64-22E9-A41F-363D9060A939}.Debug|x64.ActiveCfg = Debug|x64
		{CFC2F712-BB64-22E9-A41F-363D9060A939}.Debug|x64.Build.0 = Debug|x64
		{CFC2F712-BB64-22E9-A41F-363D9060A939}.Debug|x86.ActiveCfg = Debug|x64
		{CFC2F712-BB64-22E9-A41F-363D9060A939}.Debug|x86.Build.0 = Debug|x64
		{CFC2F712-BB64-22E9-A41F-363D9060A939}.DebugEditor|x64.ActiveCfg = Debug|x64
		{CFC2F712-BB64-22E9-A41F-363D9060A939}.DebugEditor|x64.Build.0 = Debug|x64
		{CFC2F712-BB64-22E9-A41F-363D9060A939}.DebugEditor|x86.ActiveCfg = Debug|x64
		{CFC2F712-BB64-22E9-A41F-363D9060A939}.DebugEditor|x86.Build.0 = Debug|x64
		{CFC2F712-BB64-22E9-A41F-363D9060A939}.Release|x64.ActiveCfg = Release|x64
		{CFC2F712-BB64-22E9-A41F-363D9060A939}.Release|x64.Build.0 = Release|x64
		{CFC2F712-BB64-22E9-A41F-363D9060A939}.Release|x86.ActiveCfg = Release|x64
		{CFC2F712-BB64-22E9-A41F-363D9060A939}.Release|x86.Build.0 = Release|x64
		{CFC2F712-BB64-22E9-A41F-363D9060A939}.ReleaseEditor|x64.ActiveCfg = Release|x64
		{CFC2F712-BB64-22E9-A41F-363D9060A939}.ReleaseEditor|x64.Build.0 = Release|x64
		{CFC2F712-BB64-22E9-A41F-363D9060A939}.ReleaseEditor|x86.ActiveCfg = RelWDbgInfo|x64
		{CFC2F712-BB64-22E9-A41F-363D9060A939}.ReleaseEditor|x86.Build.0 = RelWDbgInfo|x64
		{CFC2F712-BB64-22E9-A41F-363D9060A939}.RelWDbgInfo|x64.ActiveCfg = RelWDbgInfo|x64
		{CFC2F712-BB64-22E9-A41F-363D9060A939}.RelWDbgInfo|x64.Build.0 = RelWDbgInfo|x64
		{CFC2F712-BB64-22E9-A41F-363D9060A939}.RelWDbgInfo|x86.ActiveCfg = RelWDbgInfo|x64
		{CFC2F712-BB64-22E9-A41F-363D9060A939}.RelWDbgInfo|x86.Build.0 = RelWDbgInfo|x64
		{CFC2F712-BB64-22E9-A41F-363D9060A939}.UnitTests|x64.ActiveCfg = RelWDbgInfo|x64
		{CFC2F712-BB64-22E9-A41F-363D9060A939}.UnitTests|x64.Build.0 = RelWDbgInfo|x64
		{CFC2F712-BB64-22E9-A41F-363D9060A939}.UnitTests|x86.ActiveCfg = RelWDbgInfo|x64
		{CFC2F712-BB64-22E9-A41F-363D9060A939}.UnitTests|x86.Build.0 = RelWDbgInfo|x64
		{0098A80F-6CAC-D0C0-352E-7420A101CDF1}.Debug|x64.ActiveCfg = Debug|x64
		{0098A80F-6CAC-D0C0-352E-7420A101CDF1}.Debug|x64.Build.0 = Debug|x64
		{0098A80F-6CAC-D0C0-352E-7420A101CDF1}.Debug|x86.ActiveCfg = Debug|x64
		{0098A80F-6CAC-D0C0-352E-7420A101CDF1}.Debug|x86.Build.0 = Debug|x64
		{0098A80F-6CAC-D0C0-352E-7420A101CDF1}.DebugEditor|x64.ActiveCfg = Debug|x64
		{0098A80F-6CAC-D0C0-352E-7420A101CDF1}.DebugEditor|x64.Build.0 = Debug|x64
		{0098A80F-6CAC-D0C0-352E-7420A101CDF1}.DebugEditor|x86.ActiveCfg = Debug|x64
		{0098A80F-6CAC-D0C0-352E-7420A101CDF1}.DebugEditor|x86.Build.0 = Debug|x64
		{0098A80F-6CAC-D0C0-352E-7420A101CDF1}.Release|x64.ActiveCfg = Release|x64
		{0098A80F-6CAC-D0C0-352E-7420A101CDF1}.Release|x64.Build.0 = Release|x64
		{0098A80F-6CAC-D0C0-352E-7420A101CDF1}.Release|x86.ActiveCfg = Release|x64
		{0098A80F-6CAC-D0C0-352E-7420A101CDF1}.Release|x86.Build.0 = Release|x64
		{0098A80F-6CAC-D0C0-352E-7420A101CDF1}.ReleaseEditor|x64.ActiveCfg = Release|x64
		{0098A80F-6CAC-D0C0-352E-7420A101CDF1}.ReleaseEditor|x64.Build.0 = Release|x64
		{0098A80F-6CAC-D0C0-352E-7420A101CDF1}.ReleaseEditor|x86.ActiveCfg = RelWDbgInfo|x64
		{0098A80F-6CAC-D0C0-352E-7420A101CDF1}.ReleaseEditor|x86.Build.0 = RelWDbgInfo|x64
		{0098A80F-6CAC-D0C0-352E-7420A101CDF1}.RelWDbgInfo|x64.ActiveCfg = RelWDbgInfo|x64
		{0098A80F-6CAC-D0C0-352E-7420A101CDF1}.RelWDbgInfo|x64.Build.0 = RelWDbgInfo|x64
		{0098A80F-6CAC-D0C0-352E-7420A101CDF1}.RelWDbgInfo|x86.ActiveCfg = RelWDbgInfo|x64
		{0098A80F-6CAC-D0C0-352E-7420A101CDF1}.RelWDbgInfo|x86.Build.0 = RelWDbgInfo|x64
		{0098A80F-6CAC-D0C0-352E-7420A101CDF1}.UnitTests|x64.ActiveCfg = RelWDbgInfo|x64
		{0098A80F-6CAC-D0C0-352E-7420A101CDF1}.UnitTests|x64.Build.0 = RelWDbgInfo|x64
		{0098A80F-6CAC-D0C0-352E-7420A101CDF1}.UnitTests|x86.ActiveCfg = RelWDbgInfo|x64
		{0098A80F-6CAC-D0C0-352E-7420A101CDF1}.UnitTests|x86.Build.0 = RelWDbgInfo|x64
		{CF98574D-3B4E-D042-C442-CA1930F7C646}.Debug|x64.ActiveCfg = Debug|x64
		{CF98574D-3B4E-D042-C442-CA1930F7C646}.Debug|x64.Build.0 = Debug|x64
		{CF98574D-3B4E-D042-C442-CA1930F7C646}.Debug|x86.ActiveCfg = Debug|x64
		{CF98574D-3B4E-D042-C442-CA1930F7C646}.DebugEditor|x64.ActiveCfg = Debug|x64
		{CF98574D-3B4E-D042-C442-CA1930F7C646}.DebugEditor|x64.Build.0 = Debug|x64
		{CF98574D-3B4E-D042-C442-CA1930F7C646}.DebugEditor|x86.ActiveCfg = Debug|x64
		{CF98574D-3B4E-D042-C442-CA1930F7C646}.Release|x64.ActiveCfg = Release|x64
		{CF98574D-3B4E-D042-C442-CA1930F7C646}.Release|x64.Build.0 = Release|x64
		{CF98574D-3B4E-D042-C442-CA1930F7C646}.Release|x86.ActiveCfg = Release|x64
		{CF98574D-3B4E-D042-C442-CA1930F7C646}.ReleaseEditor|x64.ActiveCfg = Release|x64
		{CF98574D-3B4E-D042-C442-CA1930F7C646}.ReleaseEditor|x64.Build.0 = Release|x64
		{CF98574D-3B4E-D042-C442-CA1930F7C646}.ReleaseEditor|x86.ActiveCfg = RelWDbgInfo|x64
		{CF98574D-3B4E-D042-C442-CA1930F7C646}.RelWDbgInfo|x64.ActiveCfg = RelWDbgInfo|x64
		{CF98574D-3B4E-D042-C442-CA1930F7C646}.RelWDbgInfo|x64.Build.0 = RelWDbgInfo|x64
		{CF98574D-3B4E-D042-C442-CA1930F7C646}.RelWDbgInfo|x86.ActiveCfg = RelWDbgInfo|x64
		{CF98574D-3B4E-D042-C442-CA1930F7C646}.UnitTests|x64.ActiveCfg = RelWDbgInfo|x64
		{CF98574D-3B4E-D042-C442-CA1930F7C646}.UnitTests|x64.Build.0 = RelWDbgInfo|x64
		{CF98574D-3B4E-D042-C442-CA1930F7C646}.UnitTests|x86.ActiveCfg = RelWDbgInfo|x64
		{169C8510-82B0-ADC1-4B32-5121B705AAF2}.Debug|x64.ActiveCfg = Debug|x64
		{169C8510-82B0-ADC1-4B32-5121B705AAF2}.Debug|x64.Build.0 = Debug|x64
		{169C8510-82B0-ADC1-4B32-5121B705AAF2}.Debug|x86.ActiveCfg = Debug|x64
		{169C8510-82B0-ADC1-4B32-5121B705AAF2}.Debug|x86.Build.0 = Debug|x64
		{169C8510-82B0-ADC1-4B32-5121B705AAF2}.DebugEditor|x64.ActiveCfg = Debug|x64
		{169C8510-82B0-ADC1-4B32-5121B705AAF2}.DebugEditor|x64.Build.0 = Debug|x64
		{169C8510-82B0-ADC1-4B32-5121B705AAF2}.DebugEditor|x86.ActiveCfg = Debug|x64
		{169C8510-82B0-ADC1-4B32-5121B705AAF2}.DebugEditor|x86.Build.0 = Debug|x64
		{169C8510-82B0-ADC1-4B32-5121B705AAF2}.Release|x64.ActiveCfg = Release|x64
		{169C8510-82B0-ADC1-4B32-5121B705AAF2}.Release|x64.Build.0 = Release|x64
		{169C8510-82B0-ADC1-4B32-5121B705AAF2}.Release|x86.ActiveCfg = Release|x64
		{169C8510-82B0-ADC1-4B32-5121B705AAF2}.Release|x86.Build.0 = Release|x64
		{169C8510-82B0-ADC1-4B32-5121B705AAF2}.ReleaseEditor|x64.ActiveCfg = Release|x64
		{169C8510-82B0-ADC1-4B32-5121B705AAF2}.ReleaseEditor|x64.Build.0 = Release|x64
		{169C8510-82B0-ADC1-4B32-5121B705AAF2}.ReleaseEditor|x86.ActiveCfg = RelWDbgInfo|x64
		{169C8510-82B0-ADC1-4B32-5121B705AAF2}.ReleaseEditor|x86.Build.0 = RelWDbgInfo|x64
		{169C8510-82B0-ADC1-4B32-5121B705AAF2}.RelWDbgInfo|x64.ActiveCfg = RelWDbgInfo|x64
		{169C8510-82B0-ADC1-4B32-5121B705AAF2}.RelWDbgInfo|x64.Build.0 = RelWDbgInfo|x64
		{169C8510-82B0-ADC1-4B32-5121B705AAF2}.RelWDbgInfo|x86.ActiveCfg = RelWDbgInfo|x64
		{169C8510-82B0-ADC1-4B32-5121B705AAF2}.RelWDbgInfo|x86.Build.0 = RelWDbgInfo|x64
		{169C8510-82B0-ADC1-4B32-5121B705AAF2}.UnitTests|x64.ActiveCfg = RelWDbgInfo|x64
		{169C8510-82B0-ADC1-4B32-5121B705AAF2}.UnitTests|x64.Build.0 = RelWDbgInfo|x64
		{169C8510-82B0-ADC1-4B32-5121B705AAF2}.UnitTests|x86.ActiveCfg = RelWDbgInfo|x64
		{169C8510-82B0-ADC1-4B32-5121B705AAF2}.UnitTests|x86.Build.0 = RelWDbgInfo|x64
		{DCAB880B-48B5-887C-D130-9F7C3D39947C}.Debug|x64.ActiveCfg = Debug|x64
		{DCAB880B-48B5-887C-D130-9F7C3D39947C}.Debug|x64.Build.0 = Debug|x64
		{DCAB880B-48B5-887C-D130-9F7C3D39947C}.Debug|x86.ActiveCfg = Debug|x64
		{DCAB880B-48B5-887C-D130-9F7C3D39947C}.Debug|x86.Build.0 = Debug|x64
		{DCAB880B-48B5-887C-D130-9F7C3D39947C}.DebugEditor|x64.ActiveCfg = Debug|x64
		{DCAB880B-48B5-887C-D130-9F7C3D39947C}.DebugEditor|x64.Build.0 = Debug|x64
		{DCAB880B-48B5-887C-D130-9F7C3D39947C}.DebugEditor|x86.ActiveCfg = Debug|x64
		{DCAB880B-48B5-887C-D130-9F7C3D39947C}.DebugEditor|x86.Build.0 = Debug|x64
		{DCAB880B-48B5-887C-D130-9F7C3D39947C}.Release|x64.ActiveCfg = Release|x64
		{DCAB880B-48B5-887C-D130-9F7C3D39947C}.Release|x64.Build.0 = Release|x64
		{DCAB880B-48B5-887C-D130-9F7C3D39947C}.Release|x86.ActiveCfg = Release|x64
		{DCAB880B-48B5-887C-D130-9F7C3D39947C}.Release|x86.Build.0 = Release|x64
		{DCAB880B-48B5-887C-D130-9F7C3D39947C}.ReleaseEditor|x64.ActiveCfg = Release|x64
		{DCAB880B-48B5-887C-D130-9F7C3D39947C}.ReleaseEditor|x64.Build.0 = Release|x64
		{DCAB880B-48B5-887C-D130-9F7C3D39947C}.ReleaseEditor|x86.ActiveCfg = RelWDbgInfo|x64
		{DCAB880B-48B5-887C-D130-9F7C3D39947C}.ReleaseEditor|x86.Build.0 = RelWDbgInfo|x64
		{DCAB880B-48B5-887C-D130-9F7C3D39947C}.RelWDbgInfo|x64.ActiveCfg = RelWDbgInfo|x64
		{DCAB880B-48B5-887C-D130-9F7C3D39947C}.RelWDbgInfo|x64.Build.0 = RelWDbgInfo|x64
		{DCAB880B-48B5-887C-D130-9F7C3D39947C}.RelWDbgInfo|x86.ActiveCfg = RelWDbgInfo|x64
		{DCAB880B-48B5-887C-D130-9F7C3D39947C}.RelWDbgInfo|x86.Build.0 = RelWDbgInfo|x64
		{DCAB880B-48B5-887C-D130-9F7C3D39947C}.UnitTests|x64.ActiveCfg = RelWDbgInfo|x64
		{DCAB880B-48B5-887C-D130-9F7C3D39947C}.UnitTests|x64.Build.0 = RelWDbgInfo|x64
		{DCAB880B-48B5-887C-D130-9F7C3D39947C}.UnitTests|x86.ActiveCfg = RelWDbgInfo|x64
		{DCAB880B-48B5-887C-D130-9F7C3D39947C}.UnitTests|x86.Build.0 = RelWDbgInfo|x64
		{BA0F601B-A6B1-8AF1-8F6C-9E457BAD1142}.Debug|x64.ActiveCfg = Debug|x64
		{BA0F601B-A6B1-8AF1-8F6C-9E457BAD1142}.Debug|x64.Build.0 = Debug|x64
		{BA0F601B-A6B1-8AF1-8F6C-9E457BAD1142}.Debug|x86.ActiveCfg = Debug|x64
		{BA0F601B-A6B1-8AF1-8F6C-9E457BAD1142}.Debug|x86.Build.0 = Debug|x64
		{BA0F601B-A6B1-8AF1-8F6C-9E457BAD1142}.DebugEditor|x64.ActiveCfg = Debug|x64
		{BA0F601B-A6B1-8AF1-8F6C-9E457BAD1142}.DebugEditor|x64.Build.0 = Debug|x64
		{BA0F601B-A6B1-8AF1-8F6C-9E457BAD1142}.DebugEditor|x86.ActiveCfg = Debug|x64
		{BA0F601B-A6B1-8AF1-8F6C-9E457BAD1142}.DebugEditor|x86.Build.0 = Debug|x64
		{BA0F601B-A6B1-8AF1-8F6C-9E457BAD1142}.Release|x64.ActiveCfg = Release|x64
		{BA0F601B-A6B1-8AF1-8F6C-9E457BAD1142}.Release|x64.Build.0 = Release|x64
		{BA0F601B-A6B1-8AF1-8F6C-9E457BAD1142}.Release|x86.ActiveCfg = Release|x64
		{BA0F601B-A6B1-8AF1-8F6C-9E457BAD1142}.Release|x86.Build.0 = Release|x64
		{BA0F601B-A6B1-8AF1-8F6C-9E457BAD1142}.ReleaseEditor|x64.ActiveCfg = Release|x64
		{BA0F601B-A6B1-8AF1-8F6C-9E457BAD1142}.ReleaseEditor|x64.Build.0 = Release|x64
		{BA0F601B-A6B1-8AF1-8F6C-9E457BAD1142}.ReleaseEditor|x86.ActiveCfg = RelWDbgInfo|x64
		{BA0F601B-A6B1-8AF1-8F6C-9E457BAD1142}.ReleaseEditor|x86.Build.0 = RelWDbgInfo|x64
		{BA0F601B-A6B1-8AF1-8F6C-9E457BAD1142}.RelWDbgInfo|x64.ActiveCfg = RelWDbgInfo|x64
		{BA0F601B-A6B1-8AF1-8F6C-9E457BAD1142}.RelWDbgInfo|x64.Build.0 = RelWDbgInfo|x64
		{BA0F601B-A6B1-8AF1-8F6C-9E457BAD1142}.RelWDbgInfo|x86.ActiveCfg = RelWDbgInfo|x64
		{BA0F601B-A6B1-8AF1-8F6C-9E457BAD1142}.RelWDbgInfo|x86.Build.0 = RelWDbgInfo|x64
		{BA0F601B-A6B1-8AF1-8F6C-9E457BAD1142}.UnitTests|x64.ActiveCfg = RelWDbgInfo|x64
		{BA0F601B-A6B1-8AF1-8F6C-9E457BAD1142}.UnitTests|x64.Build.0 = RelWDbgInfo|x64
		{BA0F601B-A6B1-8AF1-8F6C-9E457BAD1142}.UnitTests|x86.ActiveCfg = RelWDbgInfo|x64
		{BA0F601B-A6B1-8AF1-8F6C-9E457BAD1142}.UnitTests|x86.Build.0 = RelWDbgInfo|x64
		{A823A1AC-1403-2048-1D1B-AB1E897986A9}.Debug|x64.ActiveCfg = Debug|x64
		{A823A1AC-1403-2048-1D1B-AB1E897986A9}.Debug|x64.Build.0 = Debug|x64
		{A823A1AC-1403-2048-1D1B-AB1E897986A9}.Debug|x86.ActiveCfg = Debug|x64
		{A823A1AC-1403-2048-1D1B-AB1E897986A9}.Debug|x86.Build.0 = Debug|x64
		{A823A1AC-1403-2048-1D1B-AB1E897986A9}.DebugEditor|x64.ActiveCfg = Debug|x64
		{A823A1AC-1403-2048-1D1B-AB1E897986A9}.DebugEditor|x64.Build.0 = Debug|x64
		{A823A1AC-1403-2048-1D1B-AB1E897986A9}.DebugEditor|x86.ActiveCfg = Debug|x64
		{A823A1AC-1403-2048-1D1B-AB1E897986A9}.DebugEditor|x86.Build.0 = Debug|x64
		{A823A1AC-1403-2048-1D1B-AB1E897986A9}.Release|x64.ActiveCfg = Release|x64
		{A823A1AC-1403-2048-1D1B-AB1E897986A9}.Release|x64.Build.0 = Release|x64
		{A823A1AC-1403-2048-1D1B-AB1E897986A9}.Release|x86.ActiveCfg = Release|x64
		{A823A1AC-1403-2048-1D1B-AB1E897986A9}.Release|x86.Build.0 = Release|x64
		{A823A1AC-1403-2048-1D1B-AB1E897986A9}.ReleaseEditor|x64.ActiveCfg = Release|x64
		{A823A1AC-1403-2048-1D1B-AB1E897986A9}.ReleaseEditor|x64.Build.0 = Release|x64
		{A823A1AC-1403-2048-1D1B-AB1E897986A9}.ReleaseEditor|x86.ActiveCfg = RelWDbgInfo|x64
		{A823A1AC-1403-2048-1D1B-AB1E897986A9}.ReleaseEditor|x86.Build.0 = RelWDbgInfo|x64
		{A823A1AC-1403-2048-1D1B-AB1E897986A9}.RelWDbgInfo|x64.ActiveCfg = RelWDbgInfo|x64
		{A823A1AC-1403-2048-1D1B-AB1E897986A9}.RelWDbgInfo|x64.Build.0 = RelWDbgInfo|x64
		{A823A1AC-1403-2048-1D1B-AB1E897986A9}.RelWDbgInfo|x86.ActiveCfg = RelWDbgInfo|x64
		{A823A1AC-1403-2048-1D1B-AB1E897986A9}.RelWDbgInfo|x86.Build.0 = RelWDbgInfo|x64
		{A823A1AC-1403-2048-1D1B-AB1E897986A9}.UnitTests|x64.ActiveCfg = RelWDbgInfo|x64
		{A823A1AC-1403-2048-1D1B-AB1E897986A9}.UnitTests|x64.Build.0 = RelWDbgInfo|x64
		{A823A1AC-1403-2048-1D1B-AB1E897986A9}.UnitTests|x86.ActiveCfg = RelWDbgInfo|x64
		{A823A1AC-1403-2048-1D1B-AB1E897986A9}.UnitTests|x86.Build.0 = RelWDbgInfo|x64
		{5DD36FB5-C9B2-EE50-D2CA-79273E2955B2}.Debug|x64.ActiveCfg = Debug|x64
		{5DD36FB5-C9B2-EE50-D2CA-79273E2955B2}.Debug|x64.Build.0 = Debug|x64
		{5DD36FB5-C9B2-EE50-D2CA-79273E2955B2}.Debug|x86.ActiveCfg = Debug|x64
		{5DD36FB5-C9B2-EE50-D2CA-79273E2955B2}.Debug|x86.Build.0 = Debug|x64
		{5DD36FB5-C9B2-EE50-D2CA-79273E2955B2}.DebugEditor|x64.ActiveCfg = Debug|x64
		{5DD36FB5-C9B2-EE50-D2CA-79273E2955B2}.DebugEditor|x64.Build.0 = Debug|x64
		{5DD36FB5-C9B2-EE50-D2CA-79273E2955B2}.DebugEditor|x86.ActiveCfg = Debug|x64
		{5DD36FB5-C9B2-EE50-D2CA-79273E2955B2}.DebugEditor|x86.Build.0 = Debug|x64
		{5DD36FB5-C9B2-EE50-D2CA-79273E2955B2}.Release|x64.ActiveCfg = Release|x64
		{5DD36FB5-C9B2-EE50-D2CA-79273E2955B2}.Release|x64.Build.0 = Release|x64
		{5DD36FB5-C9B2-EE50-D2CA-79273E2955B2}.Release|x86.ActiveCfg = Release|x64
		{5DD36FB5-C9B2-EE50-D2CA-79273E2955B2}.Release|x86.Build.0 = Release|x64
		{5DD36FB5-C9B2-EE50-D2CA-79273E2955B2}.ReleaseEditor|x64.ActiveCfg = Release|x64
		{5DD36FB5-C9B2-EE50-D2CA-79273E2955B2}.ReleaseEditor|x64.Build.0 = Release|x64
		{5DD36FB5-C9B2-EE50-D2CA-79273E2955B2}.ReleaseEditor|x86.ActiveCfg = RelWDbgInfo|x64
		{5DD36FB5-C9B2-EE50-D2CA-79273E2955B2}.ReleaseEditor|x86.Build.0 = RelWDbgInfo|x64
		{5DD36FB5-C9B2-EE50-D2CA-79273E2955B2}.RelWDbgInfo|x64.ActiveCfg = RelWDbgInfo|x64
		{5DD36FB5-C9B2-EE50-D2CA-79273E2955B2}.RelWDbgInfo|x64.Build.0 = RelWDbgInfo|x64
		{5DD36FB5-C9B2-EE50-D2CA-79273E2955B2}.RelWDbgInfo|x86.ActiveCfg = RelWDbgInfo|x64
		{5DD36FB5-C9B2-EE50-D2CA-79273E2955B2}.RelWDbgInfo|x86.Build.0 = RelWDbgInfo|x64
		{5DD36FB5-C9B2-EE50-D2CA-79273E2955B2}.UnitTests|x64.ActiveCfg = RelWDbgInfo|x64
		{5DD36FB5-C9B2-EE50-D2CA-79273E2955B2}.UnitTests|x64.Build.0 = RelWDbgInfo|x64
		{5DD36FB5-C9B2-EE50-D2CA-79273E2955B2}.UnitTests|x86.ActiveCfg = RelWDbgInfo|x64
		{5DD36FB5-C9B2-EE50-D2CA-79273E2955B2}.UnitTests|x86.Build.0 = RelWDbgInfo|x64
		{95BFD529-031B-441C-BABD-3A028DFD3B92}.Debug|x64.ActiveCfg = Debug|x64
		{95BFD529-031B-441C-BABD-3A028DFD3B92}.Debug|x64.Build.0 = Debug|x64
		{95BFD529-031B-441C-BABD-3A028DFD3B92}.Debug|x86.ActiveCfg = Debug|Win32
		{95BFD529-031B-441C-BABD-3A028DFD3B92}.Debug|x86.Build.0 = Debug|Win32
		{95BFD529-031B-441C-BABD-3A028DFD3B92}.DebugEditor|x64.ActiveCfg = Debug|x64
		{95BFD529-031B-441C-BABD-3A028DFD3B92}.DebugEditor|x64.Build.0 = Debug|x64
		{95BFD529-031B-441C-BABD-3A028DFD3B92}.DebugEditor|x86.ActiveCfg = Debug|Win32
		{95BFD529-031B-441C-BABD-3A028DFD3B92}.DebugEditor|x86.Build.0 = Debug|Win32
		{95BFD529-031B-441C-BABD-3A028DFD3B92}.Release|x64.ActiveCfg = Release|x64
		{95BFD529-031B-441C-BABD-3A028DFD3B92}.Release|x64.Build.0 = Release|x64
		{95BFD529-031B-441C-BABD-3A028DFD3B92}.Release|x86.ActiveCfg = Release|Win32
		{95BFD529-031B-441C-BABD-3A028DFD3B92}.Release|x86.Build.0 = Release|Win32
		{95BFD529-031B-441C-BABD-3A028DFD3B92}.ReleaseEditor|x64.ActiveCfg = Release|x64
		{95BFD529-031B-441C-BABD-3A028DFD3B92}.ReleaseEditor|x64.Build.0 = Release|x64
		{95BFD529-031B-441C-BABD-3A028DFD3B92}.ReleaseEditor|x86.ActiveCfg = Release|Win32
		{95BFD529-031B-441C-BABD-3A028DFD3B92}.ReleaseEditor|x86.Build.0 = Release|Win32
		{95BFD529-031B-441C-BABD-3A028DFD3B92}.RelWDbgInfo|x64.ActiveCfg = Release|x64
		{95BFD529-031B-441C-BABD-3A028DFD3B92}.RelWDbgInfo|x64.Build.0 = Release|x64
		{95BFD529-031B-441C-BABD-3A028DFD3B92}.RelWDbgInfo|x86.ActiveCfg = Release|Win32
		{95BFD529-031B-441C-BABD-3A028DFD3B92}.RelWDbgInfo|x86.Build.0 = Release|Win32
		{95BFD529-031B-441C-BABD-3A028DFD3B92}.UnitTests|x64.ActiveCfg = Debug|x64
		{95BFD529-031B-441C-BABD-3A028DFD3B92}.UnitTests|x64.Build.0 = Debug|x64
		{95BFD529-031B-441C-BABD-3A028DFD3B92}.UnitTests|x86.ActiveCfg = Debug|Win32
		{95BFD529-031B-441C-BABD-3A028DFD3B92}.UnitTests|x86.Build.0 = Debug|Win32
		{AA50C674-CE61-47D6-B079-F3DD1B58CD24}.Debug|x64.ActiveCfg = Debug|x64
		{AA50C674-CE61-47D6-B079-F3DD1B58CD24}.Debug|x64.Build.0 = Debug|x64
		{AA50C674-CE61-47D6-B079-F3DD1B58CD24}.Debug|x86.ActiveCfg = Debug|x64
		{AA50C674-CE61-47D6-B079-F3DD1B58CD24}.Debug|x86.Build.0 = Debug|x64
		{AA50C674-CE61-47D6-B079-F3DD1B58CD24}.DebugEditor|x64.ActiveCfg = Debug|x64
		{AA50C674-CE61-47D6-B079-F3DD1B58CD24}.DebugEditor|x64.Build.0 = Debug|x64
		{AA50C674-CE61-47D6-B079-F3DD1B58CD24}.DebugEditor|x86.ActiveCfg = Debug|x64
		{AA50C674-CE61-47D6-B079-F3DD1B58CD24}.DebugEditor|x86.Build.0 = Debug|x64
		{AA50C674-CE61-47D6-B079-F3DD1B58CD24}.Release|x64.ActiveCfg = Release|x64
		{AA50C674-CE61-47D6-B079-F3DD1B58CD24}.Release|x64.Build.0 = Release|x64
		{AA50C674-CE61-47D6-B079-F3DD1B58CD24}.Release|x86.ActiveCfg = Release|x64
		{AA50C674-CE61-47D6-B079-F3DD1B58CD24}.Release|x86.Build.0 = Release|x64
		{AA50C674-CE61-47D6-B079-F3DD1B58CD24}.ReleaseEditor|x64.ActiveCfg = Release|x64
		{AA50C674-CE61-47D6-B079-F3DD1B58CD24}.ReleaseEditor|x64.Build.0 = Release|x64
		{AA50C674-CE61-47D6-B079-F3DD1B58CD24}.ReleaseEditor|x86.ActiveCfg = Release|x64
		{AA50C674-CE61-47D6-B079-F3DD1B58CD24}.ReleaseEditor|x86.Build.0 = Release|x64
		{AA50C674-CE61-47D6-B079-F3DD1B58CD24}.RelWDbgInfo|x64.ActiveCfg = Release|x64
		{AA50C674-CE61-47D6-B079-F3DD1B58CD24}.RelWDbgInfo|x64.Build.0 = Release|x64
		{AA50C674-CE61-47D6-B079-F3DD1B58CD24}.RelWDbgInfo|x86.ActiveCfg = Release|x64
		{AA50C674-CE61-47D6-B079-F3DD1B58CD24}.RelWDbgInfo|x86.Build.0 = Release|x64
		{AA50C674-CE61-47D6-B079-F3DD1B58CD24}.UnitTests|x64.ActiveCfg = Debug|x64
		{AA50C674-CE61-47D6-B079-F3DD1B58CD24}.UnitTests|x64.Build.0 = Debug|x64
		{AA50C674-CE61-47D6-B079-F3DD1B58CD24}.UnitTests|x86.ActiveCfg = Debug|x64
		{AA50C674-CE61-47D6-B079-F3DD1B58CD24}.UnitTests|x86.Build.0 = Debug|x64
		{6171F1D2-3A1D-470C-BD38-355A11618513}.Debug|x64.ActiveCfg = Debug|x64
		{6171F1D2-3A1D-470C-BD38-355A11618513}.Debug|x64.Build.0 = Debug|x64
		{6171F1D2-3A1D-470C-BD38-355A11618513}.Debug|x86.ActiveCfg = Debug|Win32
		{6171F1D2-3A1D-470C-BD38-355A11618513}.Debug|x86.Build.0 = Debug|Win32
		{6171F1D2-3A1D-470C-BD38-355A11618513}.DebugEditor|x64.ActiveCfg = Debug|x64
		{6171F1D2-3A1D-470C-BD38-355A11618513}.DebugEditor|x64.Build.0 = Debug|x64
		{6171F1D2-3A1D-470C-BD38-355A11618513}.DebugEditor|x86.ActiveCfg = Debug|Win32
		{6171F1D2-3A1D-470C-BD38-355A11618513}.DebugEditor|x86.Build.0 = Debug|Win32
		{6171F1D2-3A1D-470C-BD38-355A11618513}.Release|x64.ActiveCfg = Release|x64
		{6171F1D2-3A1D-470C-BD38-355A11618513}.Release|x64.Build.0 = Release|x64
		{6171F1D2-3A1D-470C-BD38-355A11618513}.Release|x86.ActiveCfg = Release|Win32
		{6171F1D2-3A1D-470C-BD38-355A11618513}.Release|x86.Build.0 = Release|Win32
		{6171F1D2-3A1D-470C-BD38-355A11618513}.ReleaseEditor|x64.ActiveCfg = Release|x64
		{6171F1D2-3A1D-470C-BD38-355A11618513}.ReleaseEditor|x64.Build.0 = Release|x64
		{6171F1D2-3A1D-470C-BD38-355A11618513}.ReleaseEditor|x86.ActiveCfg = Release|Win32
		{6171F1D2-3A1D-470C-BD38-355A11618513}.ReleaseEditor|x86.Build.0 = Release|Win32
		{6171F1D2-3A1D-470C-BD38-355A11618513}.RelWDbgInfo|x64.ActiveCfg = Release|x64
		{6171F1D2-3A1D-470C-BD38-355A11618513}.RelWDbgInfo|x64.Build.0 = Release|x64
		{6171F1D2-3A1D-470C-BD38-355A11618513}.RelWDbgInfo|x86.ActiveCfg = Release|Win32
		{6171F1D2-3A1D-470C-BD38-355A11618513}.RelWDbgInfo|x86.Build.0 = Release|Win32
		{6171F1D2-3A1D-470C-BD38-355A11618513}.UnitTests|x64.ActiveCfg = Debug|x64
		{6171F1D2-3A1D-470C-BD38-355A11618513}.UnitTests|x64.Build.0 = Debug|x64
		{6171F1D2-3A1D-470C-BD38-355A11618513}.UnitTests|x86.ActiveCfg = Debug|Win32
		{6171F1D2-3A1D-470C-BD38-355A11618513}.UnitTests|x86.Build.0 = Debug|Win32
	EndGlobalSection
	GlobalSection(SolutionProperties) = preSolution
		HideSolutionNode = FALSE
	EndGlobalSection
	GlobalSection(NestedProjects) = preSolution
		{49A97CA5-85EC-44C9-8ECA-E56C7A1478C9} = {7D6522AA-5952-454D-9A28-9B2559F71BB8}
		{184BDED3-356C-4D47-89DD-19D9FA636326} = {7D6522AA-5952-454D-9A28-9B2559F71BB8}
		{8E9EAEC0-C359-456D-9829-996B1F9D77E8} = {7D6522AA-5952-454D-9A28-9B2559F71BB8}
		{6EAB880B-DAB4-887C-6330-9F7CCF38947C} = {8E9EAEC0-C359-456D-9829-996B1F9D77E8}
		{CFC2F712-BB64-22E9-A41F-363D9060A939} = {8E9EAEC0-C359-456D-9829-996B1F9D77E8}
		{0098A80F-6CAC-D0C0-352E-7420A101CDF1} = {8E9EAEC0-C359-456D-9829-996B1F9D77E8}
		{CF98574D-3B4E-D042-C442-CA1930F7C646} = {8E9EAEC0-C359-456D-9829-996B1F9D77E8}
		{169C8510-82B0-ADC1-4B32-5121B705AAF2} = {49A97CA5-85EC-44C9-8ECA-E56C7A1478C9}
		{DCAB880B-48B5-887C-D130-9F7C3D39947C} = {49A97CA5-85EC-44C9-8ECA-E56C7A1478C9}
		{BA0F601B-A6B1-8AF1-8F6C-9E457BAD1142} = {49A97CA5-85EC-44C9-8ECA-E56C7A1478C9}
		{A823A1AC-1403-2048-1D1B-AB1E897986A9} = {49A97CA5-85EC-44C9-8ECA-E56C7A1478C9}
		{5DD36FB5-C9B2-EE50-D2CA-79273E2955B2} = {184BDED3-356C-4D47-89DD-19D9FA636326}
		{95BFD529-031B-441C-BABD-3A028DFD3B92} = {346570B9-7CCA-47D9-B849-733597AB2C03}
		{28371579-FDB0-4EA0-9DC2-0EE2BA2CFBC6} = {346570B9-7CCA-47D9-B849-733597AB2C03}
		{AA50C674-CE61-47D6-B079-F3DD1B58CD24} = {28371579-FDB0-4EA0-9DC2-0EE2BA2CFBC6}
		{6171F1D2-3A1D-470C-BD38-355A11618513} = {28371579-FDB0-4EA0-9DC2-0EE2BA2CFBC6}
	EndGlobalSection
	GlobalSection(ExtensibilityGlobals) = postSolution
		SolutionGuid = {6A8789C2-97F8-4E0E-B9C5-9B961EB93215}
	EndGlobalSection
EndGlobal
