<?xml version="1.0" encoding="utf-8"?>
<Project ToolsVersion="4.0" xmlns="http://schemas.microsoft.com/developer/msbuild/2003">
  <ItemGroup>
    <Filter Include="C++Interop">
      <UniqueIdentifier>{90c4bf5d-78ea-49ec-a912-f9a63a0329ab}</UniqueIdentifier>
    </Filter>
    <Filter Include="Engine">
      <UniqueIdentifier>{32017600-a66d-4adf-8e0e-eec8c055fba3}</UniqueIdentifier>
    </Filter>
    <Filter Include="Engine\Core">
      <UniqueIdentifier>{89c7ed5d-c743-41a8-a7c3-2171ebe24c30}</UniqueIdentifier>
    </Filter>
    <Filter Include="Engine\Core\Component">
      <UniqueIdentifier>{bcfd2c43-02b3-4663-b7af-10f0d12b153c}</UniqueIdentifier>
    </Filter>
    <Filter Include="Engine\Core\Component\Message">
      <UniqueIdentifier>{6f7aa20b-fe65-4ff4-bb7f-0ed0fc194c68}</UniqueIdentifier>
    </Filter>
    <Filter Include="Engine\Core\Component\BaseComponent">
      <UniqueIdentifier>{1c4f1059-c850-443a-a969-dedfa03e55f1}</UniqueIdentifier>
    </Filter>
    <Filter Include="Engine\Core\Component\PredefinedComponents">
      <UniqueIdentifier>{a3969553-4bab-4a3c-8302-5da9c072d12b}</UniqueIdentifier>
    </Filter>
    <Filter Include="Engine\Core\GameObject">
      <UniqueIdentifier>{f13f43a7-c178-44a3-9dc1-d92c6b02c69c}</UniqueIdentifier>
    </Filter>
    <Filter Include="Engine\Graphic">
      <UniqueIdentifier>{44357d7b-6f1b-4446-aef8-a18763750629}</UniqueIdentifier>
    </Filter>
    <Filter Include="Engine\Graphic\BackgroundSprite">
      <UniqueIdentifier>{96120853-ba81-465c-9060-112fba369f83}</UniqueIdentifier>
    </Filter>
    <Filter Include="Engine\Graphic\Component">
      <UniqueIdentifier>{c07502c7-6d72-4daa-a29b-4d8b203e4da8}</UniqueIdentifier>
    </Filter>
    <Filter Include="Engine\Graphic\GridTile">
      <UniqueIdentifier>{0d9db173-6e96-4960-adef-01b549090fe7}</UniqueIdentifier>
    </Filter>
    <Filter Include="Engine\Graphic\Time">
      <UniqueIdentifier>{f2b5c024-d349-46f6-9b53-ffeee4836529}</UniqueIdentifier>
    </Filter>
    <Filter Include="Engine\Graphic\RenderView">
      <UniqueIdentifier>{fcffee0f-fcd6-4287-bda3-e0f182f959ea}</UniqueIdentifier>
    </Filter>
    <Filter Include="Engine\Input">
      <UniqueIdentifier>{8c627920-84a9-4616-88f9-3fd3cdc45b85}</UniqueIdentifier>
    </Filter>
    <Filter Include="Engine\Input\Mouse">
      <UniqueIdentifier>{9d9b295b-0147-4242-954b-093459f4f189}</UniqueIdentifier>
    </Filter>
    <Filter Include="Engine\Physics">
      <UniqueIdentifier>{413d4a8e-3d14-4dd6-900f-f04a93e6e672}</UniqueIdentifier>
    </Filter>
    <Filter Include="Engine\Physics\Component">
      <UniqueIdentifier>{66d5c3f8-80d9-47ba-829e-a3a712370701}</UniqueIdentifier>
    </Filter>
    <Filter Include="Engine\Physics\PhysEngine">
      <UniqueIdentifier>{a16d319b-9477-477d-9132-17d5a28c3d49}</UniqueIdentifier>
    </Filter>
    <Filter Include="Engine\Physics\GameObject">
      <UniqueIdentifier>{1fc9a7be-21c4-4756-9655-27b30b31044a}</UniqueIdentifier>
    </Filter>
    <Filter Include="Engine\World">
      <UniqueIdentifier>{1510e126-36df-4ec5-aaf4-c94425e5b18d}</UniqueIdentifier>
    </Filter>
    <Filter Include="Engine\World\Zone">
      <UniqueIdentifier>{ce850710-131e-4d6d-b032-52ec7b901d5b}</UniqueIdentifier>
    </Filter>
    <Filter Include="Engine\AssetManager">
      <UniqueIdentifier>{c2399c68-a929-44f5-984b-022421286874}</UniqueIdentifier>
    </Filter>
    <Filter Include="Engine\AssetManager\Database">
      <UniqueIdentifier>{a2bddfa2-5b1d-4f8b-a1df-085b39845fa6}</UniqueIdentifier>
    </Filter>
    <Filter Include="Engine\AssetManager\Mod">
      <UniqueIdentifier>{d351608a-4925-435a-b6cf-64ad593e766a}</UniqueIdentifier>
    </Filter>
    <Filter Include="Engine\AssetManager\Prefab">
      <UniqueIdentifier>{14388c84-66e5-4f56-9f56-96713230c180}</UniqueIdentifier>
    </Filter>
    <Filter Include="C++Interop\EditorManager">
      <UniqueIdentifier>{0d14e960-794f-4719-9452-f73ca2ce5003}</UniqueIdentifier>
    </Filter>
    <Filter Include="C++Interop\EditorManager\World">
      <UniqueIdentifier>{10433cb7-a62b-4409-8a5e-d5df3269a0f3}</UniqueIdentifier>
    </Filter>
    <Filter Include="C++Interop\WindowWrapper">
      <UniqueIdentifier>{ca1d6794-11c3-493c-91a6-fdb2553b0139}</UniqueIdentifier>
    </Filter>
    <Filter Include="C++Interop\WindowWrapper\MainWindow">
      <UniqueIdentifier>{39f619fc-2c7b-4c55-b991-ec91d1b5b037}</UniqueIdentifier>
    </Filter>
    <Filter Include="C++Interop\WindowWrapper\SplashScreen">
      <UniqueIdentifier>{9d864d00-5cae-43f2-8f90-23b33281820d}</UniqueIdentifier>
    </Filter>
    <Filter Include="C++Interop\EditorEvents">
      <UniqueIdentifier>{53b06d03-ae1f-46ea-afc7-668735753b71}</UniqueIdentifier>
    </Filter>
    <Filter Include="Engine\Core\String">
      <UniqueIdentifier>{05d94c6b-0fcf-4d51-8757-49b531f5955c}</UniqueIdentifier>
    </Filter>
    <Filter Include="Engine\World\Component">
      <UniqueIdentifier>{d62c6ec7-f079-408f-b11e-438492551dd4}</UniqueIdentifier>
    </Filter>
    <Filter Include="Engine\Logger">
      <UniqueIdentifier>{40296bc4-13a7-49e4-bebe-22a4b0216c81}</UniqueIdentifier>
    </Filter>
    <Filter Include="Engine\AssetManager\Version">
      <UniqueIdentifier>{9d7d8798-f59f-4e91-b34f-068b0c165022}</UniqueIdentifier>
    </Filter>
    <Filter Include="C++Interop\EditorManager\TextureMap">
      <UniqueIdentifier>{c014285e-b545-4a20-9c04-0f530bf7b562}</UniqueIdentifier>
    </Filter>
    <Filter Include="Engine\Input\Controller">
      <UniqueIdentifier>{8ca72426-6f8d-4648-bb19-3279fed18a72}</UniqueIdentifier>
    </Filter>
    <Filter Include="Engine\AssetManager\Texture">
      <UniqueIdentifier>{f89ec83b-cbf5-443c-ab1d-4a5ab10d263a}</UniqueIdentifier>
    </Filter>
    <Filter Include="Engine\Model">
      <UniqueIdentifier>{4cba74fc-9d9f-4df0-8c9a-eb5ba1be7141}</UniqueIdentifier>
    </Filter>
    <Filter Include="Engine\Model\TextureMap">
      <UniqueIdentifier>{479a845b-c53a-4c4e-a7c7-8f3ae9fbea6f}</UniqueIdentifier>
    </Filter>
    <Filter Include="Engine\Model\SpriteSheet">
      <UniqueIdentifier>{fdcfe467-3b1a-42fb-b680-30d2bb6c0b31}</UniqueIdentifier>
    </Filter>
    <Filter Include="Engine\Model\SpriterEntity">
      <UniqueIdentifier>{a1e5b277-cced-4821-9399-e9418ac703c8}</UniqueIdentifier>
    </Filter>
    <Filter Include="Engine\Model\SpriterEngine">
      <UniqueIdentifier>{1d7cd051-869e-4dec-9b49-6b5838598b29}</UniqueIdentifier>
    </Filter>
    <Filter Include="Engine\Model\SpriterEngine\timeline">
      <UniqueIdentifier>{a2718187-8f7d-4672-b7fa-b4b3dca0f3eb}</UniqueIdentifier>
    </Filter>
    <Filter Include="Engine\Model\SpriterEngine\timeinfo">
      <UniqueIdentifier>{747ad972-9f12-4c28-8bd1-4cfdf4a6f4fe}</UniqueIdentifier>
    </Filter>
    <Filter Include="Engine\Model\SpriterEngine\override">
      <UniqueIdentifier>{1756c8c4-5749-4204-8e26-8b35a9107d2e}</UniqueIdentifier>
    </Filter>
    <Filter Include="Engine\Model\SpriterEngine\variable">
      <UniqueIdentifier>{5faa33ee-ac3c-4478-bb9b-915e39b73de1}</UniqueIdentifier>
    </Filter>
    <Filter Include="Engine\Model\SpriterEngine\objectref">
      <UniqueIdentifier>{21cf3e2b-ed0d-45c1-835a-56a57addc5b2}</UniqueIdentifier>
    </Filter>
    <Filter Include="Engine\Model\SpriterEngine\objectinfo">
      <UniqueIdentifier>{1b24dbaf-71ab-4460-9330-90122d056287}</UniqueIdentifier>
    </Filter>
    <Filter Include="Engine\Model\SpriterEngine\animation">
      <UniqueIdentifier>{9bec0197-5587-4857-8f26-f4bc86b43400}</UniqueIdentifier>
    </Filter>
    <Filter Include="Engine\Model\SpriterEngine\charactermap">
      <UniqueIdentifier>{55cb7d53-7779-489c-8569-503ff84bcefc}</UniqueIdentifier>
    </Filter>
    <Filter Include="Engine\Model\SpriterEngine\entity">
      <UniqueIdentifier>{a7ddd6b6-e90d-4cc6-8161-b58d4f0a9b06}</UniqueIdentifier>
    </Filter>
    <Filter Include="Engine\Model\SpriterEngine\file">
      <UniqueIdentifier>{a5851592-43ee-4f58-a59f-09d6bc4ca5ad}</UniqueIdentifier>
    </Filter>
    <Filter Include="Engine\Model\SpriterEngine\loading">
      <UniqueIdentifier>{5d06f8f2-c1f3-401e-8a01-d37ba059db20}</UniqueIdentifier>
    </Filter>
    <Filter Include="Engine\Model\SpriterEngine\model">
      <UniqueIdentifier>{e9cf8df0-2872-44d5-a677-c1e783983328}</UniqueIdentifier>
    </Filter>
    <Filter Include="Engine\Model\SpriterEngine\global">
      <UniqueIdentifier>{d02d54a3-4df0-439d-b30e-8555f998777a}</UniqueIdentifier>
    </Filter>
    <Filter Include="Engine\Model\SpriterOverride">
      <UniqueIdentifier>{f6d0da28-8f6e-4167-8815-0faf0b9e26d6}</UniqueIdentifier>
    </Filter>
    <Filter Include="Engine\Model\tinyXml2">
      <UniqueIdentifier>{24bc92cb-ea85-4e4b-a58b-4c73d65e2176}</UniqueIdentifier>
    </Filter>
    <Filter Include="Engine\Model\Models">
      <UniqueIdentifier>{ab4ab336-673b-4ad4-9b1f-2955d325658c}</UniqueIdentifier>
    </Filter>
    <Filter Include="Engine\AssetManager\Requestor">
      <UniqueIdentifier>{a6c24d69-3511-4f13-a876-4a7544762144}</UniqueIdentifier>
    </Filter>
    <Filter Include="Engine\Quest">
      <UniqueIdentifier>{352f0f36-497f-4f66-bb33-3bb3e492755a}</UniqueIdentifier>
    </Filter>
    <Filter Include="Engine\Core\EngineResource">
      <UniqueIdentifier>{30cf0ab4-3dd1-4ee0-b350-443551bff0cf}</UniqueIdentifier>
    </Filter>
    <Filter Include="Unit Tests">
      <UniqueIdentifier>{4a703e74-4882-45dc-b4e1-609b8869f8e5}</UniqueIdentifier>
    </Filter>
    <Filter Include="Engine\Input\BaseInputHandler">
      <UniqueIdentifier>{e48ab5c4-f440-4bdd-bb61-b523e2b49f02}</UniqueIdentifier>
    </Filter>
  </ItemGroup>
  <ItemGroup>
    <ClInclude Include="Project\AssetManager\AssetManagerCore.hpp">
      <Filter>Engine\AssetManager</Filter>
    </ClInclude>
    <ClInclude Include="Project\AssetManager\Database\DatabaseIndex.hpp">
      <Filter>Engine\AssetManager\Database</Filter>
    </ClInclude>
    <ClInclude Include="Project\AssetManager\Database\DBZone.hpp">
      <Filter>Engine\AssetManager\Database</Filter>
    </ClInclude>
    <ClInclude Include="Project\AssetManager\Mod\ModHeader.hpp">
      <Filter>Engine\AssetManager\Mod</Filter>
    </ClInclude>
    <ClInclude Include="Project\AssetManager\Mod\ModLoader.hpp">
      <Filter>Engine\AssetManager\Mod</Filter>
    </ClInclude>
    <ClInclude Include="Project\AssetManager\Prefab\Prefab.hpp">
      <Filter>Engine\AssetManager\Prefab</Filter>
    </ClInclude>
    <ClInclude Include="Project\AssetManager\SpriteRef.hpp">
      <Filter>Engine\AssetManager\Texture</Filter>
    </ClInclude>
    <ClInclude Include="Project\AssetManager\TextureLoader.hpp">
      <Filter>Engine\AssetManager\Texture</Filter>
    </ClInclude>
    <ClInclude Include="Project\AssetManager\TextureRef.hpp">
      <Filter>Engine\AssetManager\Texture</Filter>
    </ClInclude>
    <ClInclude Include="Project\Core\Core.hpp">
      <Filter>Engine\Core</Filter>
    </ClInclude>
    <ClInclude Include="Project\Core\Vector.h">
      <Filter>Engine\Core</Filter>
    </ClInclude>
    <ClInclude Include="Project\Core\Component\Message\BaseMessage.hpp">
      <Filter>Engine\Core\Component\Message</Filter>
    </ClInclude>
    <ClInclude Include="Project\Core\Component\BaseComponent.hpp">
      <Filter>Engine\Core\Component\BaseComponent</Filter>
    </ClInclude>
    <ClInclude Include="Project\Core\Component\IBaseComponent.hpp">
      <Filter>Engine\Core\Component\BaseComponent</Filter>
    </ClInclude>
    <ClInclude Include="Project\Core\Component\TransformComponent.hpp">
      <Filter>Engine\Core\Component\PredefinedComponents</Filter>
    </ClInclude>
    <ClInclude Include="Project\Core\Component\GameObject.h">
      <Filter>Engine\Core\GameObject</Filter>
    </ClInclude>
    <ClInclude Include="Project\Graphic\Gfx.h">
      <Filter>Engine\Graphic</Filter>
    </ClInclude>
    <ClInclude Include="Project\Graphic\GraphicsCore.hpp">
      <Filter>Engine\Graphic</Filter>
    </ClInclude>
    <ClInclude Include="Project\Graphic\BackgroundSprite\BackgroundSprite.hpp">
      <Filter>Engine\Graphic\BackgroundSprite</Filter>
    </ClInclude>
    <ClInclude Include="Project\Graphic\Component\DialogComponent.hpp">
      <Filter>Engine\Graphic\Component</Filter>
    </ClInclude>
    <ClInclude Include="Project\Graphic\Component\RenderComponent.h">
      <Filter>Engine\Graphic\Component</Filter>
    </ClInclude>
    <ClInclude Include="Project\Graphic\Tile\GridTile.h">
      <Filter>Engine\Graphic\GridTile</Filter>
    </ClInclude>
    <ClInclude Include="Project\Graphic\Time\Time.hpp">
      <Filter>Engine\Graphic\Time</Filter>
    </ClInclude>
    <ClInclude Include="Project\Graphic\RenderView.hpp">
      <Filter>Engine\Graphic\RenderView</Filter>
    </ClInclude>
    <ClInclude Include="Project\Input\InputEnum.hpp">
      <Filter>Engine\Input</Filter>
    </ClInclude>
    <ClInclude Include="Project\Input\InputHandler.hpp">
      <Filter>Engine\Input</Filter>
    </ClInclude>
    <ClInclude Include="Project\Input\Mouse.hpp">
      <Filter>Engine\Input\Mouse</Filter>
    </ClInclude>
    <ClInclude Include="Project\World\RespawnContainer.hpp">
      <Filter>Engine\World</Filter>
    </ClInclude>
    <ClInclude Include="Project\World\WorldManager.hpp">
      <Filter>Engine\World</Filter>
    </ClInclude>
    <ClInclude Include="Project\World\Zone.hpp">
      <Filter>Engine\World\Zone</Filter>
    </ClInclude>
    <ClInclude Include="Project\Physics\Component\HitboxComponent.hpp">
      <Filter>Engine\Physics\Component</Filter>
    </ClInclude>
    <ClInclude Include="Project\Physics\Component\RigidComponent.hpp">
      <Filter>Engine\Physics\Component</Filter>
    </ClInclude>
    <ClInclude Include="Project\Physics\BoundingBox.hpp">
      <Filter>Engine\Physics\PhysEngine</Filter>
    </ClInclude>
    <ClInclude Include="Project\Physics\Collider.hpp">
      <Filter>Engine\Physics\PhysEngine</Filter>
    </ClInclude>
    <ClInclude Include="Project\Physics\Movement.hpp">
      <Filter>Engine\Physics\PhysEngine</Filter>
    </ClInclude>
    <ClInclude Include="Project\Physics\Physics.hpp">
      <Filter>Engine\Physics\PhysEngine</Filter>
    </ClInclude>
    <ClInclude Include="Project\EditorManager\WorldEditorExtensions\WorldManagerAddons.hpp">
      <Filter>C++Interop\EditorManager\World</Filter>
    </ClInclude>
    <ClInclude Include="Project\EditorManager\ParentWindowWrapper.hpp">
      <Filter>C++Interop\WindowWrapper</Filter>
    </ClInclude>
    <ClInclude Include="Project\EditorManager\MainEditorWindow.hpp">
      <Filter>C++Interop\WindowWrapper\MainWindow</Filter>
    </ClInclude>
    <ClInclude Include="Project\EditorManager\SplashScreen.hpp">
      <Filter>C++Interop\WindowWrapper\SplashScreen</Filter>
    </ClInclude>
    <ClInclude Include="Project\EditorManager\InteropHelper.hpp">
      <Filter>C++Interop\EditorManager</Filter>
    </ClInclude>
    <ClInclude Include="Project\EditorManager\EditorEvents.hpp">
      <Filter>C++Interop\EditorEvents</Filter>
    </ClInclude>
    <ClInclude Include="Project\Core\String.hpp">
      <Filter>Engine\Core\String</Filter>
    </ClInclude>
    <ClInclude Include="Project\World\Component\LoadZoneComponent.hpp">
      <Filter>Engine\World\Component</Filter>
    </ClInclude>
    <ClInclude Include="Project\Logger\Logger.hpp">
      <Filter>Engine\Logger</Filter>
    </ClInclude>
    <ClInclude Include="Project\AssetManager\Version\Version.hpp">
      <Filter>Engine\AssetManager\Version</Filter>
    </ClInclude>
    <ClInclude Include="Project\EditorManager\TextureMapExtensions\TextureMapAddon.hpp">
      <Filter>C++Interop\EditorManager\TextureMap</Filter>
    </ClInclude>
    <ClInclude Include="Project\Model\SpriteSheetAnimation.hpp">
      <Filter>Engine\Model\SpriteSheet</Filter>
    </ClInclude>
    <ClInclude Include="Project\Model\SpriterEntityInstance.hpp">
      <Filter>Engine\Model\SpriterEntity</Filter>
    </ClInclude>
    <ClInclude Include="Project\Model\SpriterModelContainer.hpp">
      <Filter>Engine\Model\SpriterEntity</Filter>
    </ClInclude>
    <ClInclude Include="Project\Model\tinyxml2\tinyxml2.h">
      <Filter>Engine\Model\tinyXml2</Filter>
    </ClInclude>
    <ClInclude Include="Project\Model\AnimationCore.hpp">
      <Filter>Engine\Model</Filter>
    </ClInclude>
    <ClInclude Include="Project\Model\TextureMapPoint.hpp">
      <Filter>Engine\Model\TextureMap</Filter>
    </ClInclude>
    <ClInclude Include="Project\Model\TextureMap.hpp">
      <Filter>Engine\Model\TextureMap</Filter>
    </ClInclude>
    <ClInclude Include="Project\Model\SpriterTextureMapper.hpp">
      <Filter>Engine\Model\TextureMap</Filter>
    </ClInclude>
    <ClInclude Include="Project\Model\SpriterOverride\sfmlboneinstanceinfo.h">
      <Filter>Engine\Model\SpriterOverride</Filter>
    </ClInclude>
    <ClInclude Include="Project\Model\SpriterOverride\sfmlboxinstanceinfo.h">
      <Filter>Engine\Model\SpriterOverride</Filter>
    </ClInclude>
    <ClInclude Include="Project\Model\SpriterOverride\SFMLfilefactory.h">
      <Filter>Engine\Model\SpriterOverride</Filter>
    </ClInclude>
    <ClInclude Include="Project\Model\SpriterOverride\sfmlimagefile.h">
      <Filter>Engine\Model\SpriterOverride</Filter>
    </ClInclude>
    <ClInclude Include="Project\Model\SpriterOverride\SFMLobjectfactory.h">
      <Filter>Engine\Model\SpriterOverride</Filter>
    </ClInclude>
    <ClInclude Include="Project\Model\SpriterOverride\sfmlpointinstanceinfo.h">
      <Filter>Engine\Model\SpriterOverride</Filter>
    </ClInclude>
    <ClInclude Include="Project\Model\SpriterOverride\sfmlsoundfile.h">
      <Filter>Engine\Model\SpriterOverride</Filter>
    </ClInclude>
    <ClInclude Include="Project\Model\SpriterOverride\sfmlsoundobjectinforeference.h">
      <Filter>Engine\Model\SpriterOverride</Filter>
    </ClInclude>
    <ClInclude Include="Project\Model\SpriterOverride\tinyxmlspriterfileattributewrapper.h">
      <Filter>Engine\Model\SpriterOverride</Filter>
    </ClInclude>
    <ClInclude Include="Project\Model\SpriterOverride\tinyxmlspriterfiledocumentwrapper.h">
      <Filter>Engine\Model\SpriterOverride</Filter>
    </ClInclude>
    <ClInclude Include="Project\Model\SpriterOverride\tinyxmlspriterfileelementwrapper.h">
      <Filter>Engine\Model\SpriterOverride</Filter>
    </ClInclude>
    <ClInclude Include="Project\Model\SpriterEngine\spriterengine.h">
      <Filter>Engine\Model\SpriterEngine</Filter>
    </ClInclude>
    <ClInclude Include="Project\Model\SpriterEngine\variable\variableinstancenameandidmap.h">
      <Filter>Engine\Model\SpriterEngine\variable</Filter>
    </ClInclude>
    <ClInclude Include="Project\Model\SpriterEngine\variable\variablecontainer.h">
      <Filter>Engine\Model\SpriterEngine\variable</Filter>
    </ClInclude>
    <ClInclude Include="Project\Model\SpriterEngine\variable\variable.h">
      <Filter>Engine\Model\SpriterEngine\variable</Filter>
    </ClInclude>
    <ClInclude Include="Project\Model\SpriterEngine\timeline\variabletimelineinstance.h">
      <Filter>Engine\Model\SpriterEngine\timeline</Filter>
    </ClInclude>
    <ClInclude Include="Project\Model\SpriterEngine\timeline\triggertimelineinstance.h">
      <Filter>Engine\Model\SpriterEngine\timeline</Filter>
    </ClInclude>
    <ClInclude Include="Project\Model\SpriterEngine\timeline\timelinekey.h">
      <Filter>Engine\Model\SpriterEngine\timeline</Filter>
    </ClInclude>
    <ClInclude Include="Project\Model\SpriterEngine\timeline\timelineinstance.h">
      <Filter>Engine\Model\SpriterEngine\timeline</Filter>
    </ClInclude>
    <ClInclude Include="Project\Model\SpriterEngine\timeline\timeline.h">
      <Filter>Engine\Model\SpriterEngine\timeline</Filter>
    </ClInclude>
    <ClInclude Include="Project\Model\SpriterEngine\timeline\tagtimelineinstance.h">
      <Filter>Engine\Model\SpriterEngine\timeline</Filter>
    </ClInclude>
    <ClInclude Include="Project\Model\SpriterEngine\timeline\soundtimelineinstance.h">
      <Filter>Engine\Model\SpriterEngine\timeline</Filter>
    </ClInclude>
    <ClInclude Include="Project\Model\SpriterEngine\timeline\proxytimelinekey.h">
      <Filter>Engine\Model\SpriterEngine\timeline</Filter>
    </ClInclude>
    <ClInclude Include="Project\Model\SpriterEngine\timeinfo\timeinfo.h">
      <Filter>Engine\Model\SpriterEngine\timeinfo</Filter>
    </ClInclude>
    <ClInclude Include="Project\Model\SpriterEngine\timeinfo\quinticeasingcurve.h">
      <Filter>Engine\Model\SpriterEngine\timeinfo</Filter>
    </ClInclude>
    <ClInclude Include="Project\Model\SpriterEngine\timeinfo\quarticeasingcurve.h">
      <Filter>Engine\Model\SpriterEngine\timeinfo</Filter>
    </ClInclude>
    <ClInclude Include="Project\Model\SpriterEngine\timeinfo\quadraticeasingcurve.h">
      <Filter>Engine\Model\SpriterEngine\timeinfo</Filter>
    </ClInclude>
    <ClInclude Include="Project\Model\SpriterEngine\timeinfo\lineareasingcurve.h">
      <Filter>Engine\Model\SpriterEngine\timeinfo</Filter>
    </ClInclude>
    <ClInclude Include="Project\Model\SpriterEngine\timeinfo\instanteasingcurve.h">
      <Filter>Engine\Model\SpriterEngine\timeinfo</Filter>
    </ClInclude>
    <ClInclude Include="Project\Model\SpriterEngine\timeinfo\easingcurveinterface.h">
      <Filter>Engine\Model\SpriterEngine\timeinfo</Filter>
    </ClInclude>
    <ClInclude Include="Project\Model\SpriterEngine\timeinfo\cubiceasingcurve.h">
      <Filter>Engine\Model\SpriterEngine\timeinfo</Filter>
    </ClInclude>
    <ClInclude Include="Project\Model\SpriterEngine\timeinfo\beziereasingcurve.h">
      <Filter>Engine\Model\SpriterEngine\timeinfo</Filter>
    </ClInclude>
    <ClInclude Include="Project\Model\SpriterEngine\override\filefactory.h">
      <Filter>Engine\Model\SpriterEngine\override</Filter>
    </ClInclude>
    <ClInclude Include="Project\Model\SpriterEngine\override\imagefile.h">
      <Filter>Engine\Model\SpriterEngine\override</Filter>
    </ClInclude>
    <ClInclude Include="Project\Model\SpriterEngine\override\objectfactory.h">
      <Filter>Engine\Model\SpriterEngine\override</Filter>
    </ClInclude>
    <ClInclude Include="Project\Model\SpriterEngine\override\soundfile.h">
      <Filter>Engine\Model\SpriterEngine\override</Filter>
    </ClInclude>
    <ClInclude Include="Project\Model\SpriterEngine\override\soundobjectinforeference.h">
      <Filter>Engine\Model\SpriterEngine\override</Filter>
    </ClInclude>
    <ClInclude Include="Project\Model\SpriterEngine\override\spriterfileattributewrapper.h">
      <Filter>Engine\Model\SpriterEngine\override</Filter>
    </ClInclude>
    <ClInclude Include="Project\Model\SpriterEngine\override\spriterfiledocumentwrapper.h">
      <Filter>Engine\Model\SpriterEngine\override</Filter>
    </ClInclude>
    <ClInclude Include="Project\Model\SpriterEngine\override\spriterfileelementwrapper.h">
      <Filter>Engine\Model\SpriterEngine\override</Filter>
    </ClInclude>
    <ClInclude Include="Project\Model\SpriterEngine\objectref\boneref.h">
      <Filter>Engine\Model\SpriterEngine\objectref</Filter>
    </ClInclude>
    <ClInclude Include="Project\Model\SpriterEngine\objectref\bonerefinstance.h">
      <Filter>Engine\Model\SpriterEngine\objectref</Filter>
    </ClInclude>
    <ClInclude Include="Project\Model\SpriterEngine\objectref\entityref.h">
      <Filter>Engine\Model\SpriterEngine\objectref</Filter>
    </ClInclude>
    <ClInclude Include="Project\Model\SpriterEngine\objectref\entityrefinstance.h">
      <Filter>Engine\Model\SpriterEngine\objectref</Filter>
    </ClInclude>
    <ClInclude Include="Project\Model\SpriterEngine\objectref\objectref.h">
      <Filter>Engine\Model\SpriterEngine\objectref</Filter>
    </ClInclude>
    <ClInclude Include="Project\Model\SpriterEngine\objectref\objectrefinstance.h">
      <Filter>Engine\Model\SpriterEngine\objectref</Filter>
    </ClInclude>
    <ClInclude Include="Project\Model\SpriterEngine\objectref\spriteref.h">
      <Filter>Engine\Model\SpriterEngine\objectref</Filter>
    </ClInclude>
    <ClInclude Include="Project\Model\SpriterEngine\objectref\spriterefinstance.h">
      <Filter>Engine\Model\SpriterEngine\objectref</Filter>
    </ClInclude>
    <ClInclude Include="Project\Model\SpriterEngine\objectref\transformprocessor.h">
      <Filter>Engine\Model\SpriterEngine\objectref</Filter>
    </ClInclude>
    <ClInclude Include="Project\Model\SpriterEngine\objectinfo\angleinfo.h">
      <Filter>Engine\Model\SpriterEngine\objectinfo</Filter>
    </ClInclude>
    <ClInclude Include="Project\Model\SpriterEngine\objectinfo\boneinstanceinfo.h">
      <Filter>Engine\Model\SpriterEngine\objectinfo</Filter>
    </ClInclude>
    <ClInclude Include="Project\Model\SpriterEngine\objectinfo\boneobjectinfo.h">
      <Filter>Engine\Model\SpriterEngine\objectinfo</Filter>
    </ClInclude>
    <ClInclude Include="Project\Model\SpriterEngine\objectinfo\boxinstanceinfo.h">
      <Filter>Engine\Model\SpriterEngine\objectinfo</Filter>
    </ClInclude>
    <ClInclude Include="Project\Model\SpriterEngine\objectinfo\boxobjectinfo.h">
      <Filter>Engine\Model\SpriterEngine\objectinfo</Filter>
    </ClInclude>
    <ClInclude Include="Project\Model\SpriterEngine\objectinfo\entityobjectinfo.h">
      <Filter>Engine\Model\SpriterEngine\objectinfo</Filter>
    </ClInclude>
    <ClInclude Include="Project\Model\SpriterEngine\objectinfo\eventobjectinfo.h">
      <Filter>Engine\Model\SpriterEngine\objectinfo</Filter>
    </ClInclude>
    <ClInclude Include="Project\Model\SpriterEngine\objectinfo\intvariableinfo.h">
      <Filter>Engine\Model\SpriterEngine\objectinfo</Filter>
    </ClInclude>
    <ClInclude Include="Project\Model\SpriterEngine\objectinfo\pointinstanceinfo.h">
      <Filter>Engine\Model\SpriterEngine\objectinfo</Filter>
    </ClInclude>
    <ClInclude Include="Project\Model\SpriterEngine\objectinfo\pointobjectinfo.h">
      <Filter>Engine\Model\SpriterEngine\objectinfo</Filter>
    </ClInclude>
    <ClInclude Include="Project\Model\SpriterEngine\objectinfo\realvariableinfo.h">
      <Filter>Engine\Model\SpriterEngine\objectinfo</Filter>
    </ClInclude>
    <ClInclude Include="Project\Model\SpriterEngine\objectinfo\soundobjectinfo.h">
      <Filter>Engine\Model\SpriterEngine\objectinfo</Filter>
    </ClInclude>
    <ClInclude Include="Project\Model\SpriterEngine\objectinfo\spriteobjectinfo.h">
      <Filter>Engine\Model\SpriterEngine\objectinfo</Filter>
    </ClInclude>
    <ClInclude Include="Project\Model\SpriterEngine\objectinfo\stringvariableinfo.h">
      <Filter>Engine\Model\SpriterEngine\objectinfo</Filter>
    </ClInclude>
    <ClInclude Include="Project\Model\SpriterEngine\objectinfo\stringvariableinforeference.h">
      <Filter>Engine\Model\SpriterEngine\objectinfo</Filter>
    </ClInclude>
    <ClInclude Include="Project\Model\SpriterEngine\objectinfo\taglist.h">
      <Filter>Engine\Model\SpriterEngine\objectinfo</Filter>
    </ClInclude>
    <ClInclude Include="Project\Model\SpriterEngine\objectinfo\tagobjectinfo.h">
      <Filter>Engine\Model\SpriterEngine\objectinfo</Filter>
    </ClInclude>
    <ClInclude Include="Project\Model\SpriterEngine\objectinfo\tagobjectinforeference.h">
      <Filter>Engine\Model\SpriterEngine\objectinfo</Filter>
    </ClInclude>
    <ClInclude Include="Project\Model\SpriterEngine\objectinfo\triggerobjectinfo.h">
      <Filter>Engine\Model\SpriterEngine\objectinfo</Filter>
    </ClInclude>
    <ClInclude Include="Project\Model\SpriterEngine\objectinfo\universalobjectinterface.h">
      <Filter>Engine\Model\SpriterEngine\objectinfo</Filter>
    </ClInclude>
    <ClInclude Include="Project\Model\SpriterEngine\model\spritermodel.h">
      <Filter>Engine\Model\SpriterEngine\model</Filter>
    </ClInclude>
    <ClInclude Include="Project\Model\SpriterEngine\loading\loader.h">
      <Filter>Engine\Model\SpriterEngine\loading</Filter>
    </ClInclude>
    <ClInclude Include="Project\Model\SpriterEngine\loading\loadinghelpers.h">
      <Filter>Engine\Model\SpriterEngine\loading</Filter>
    </ClInclude>
    <ClInclude Include="Project\Model\SpriterEngine\loading\spriterdocumentloader.h">
      <Filter>Engine\Model\SpriterEngine\loading</Filter>
    </ClInclude>
    <ClInclude Include="Project\Model\SpriterEngine\global\global.h">
      <Filter>Engine\Model\SpriterEngine\global</Filter>
    </ClInclude>
    <ClInclude Include="Project\Model\SpriterEngine\global\settings.h">
      <Filter>Engine\Model\SpriterEngine\global</Filter>
    </ClInclude>
    <ClInclude Include="Project\Model\SpriterEngine\file\file.h">
      <Filter>Engine\Model\SpriterEngine\file</Filter>
    </ClInclude>
    <ClInclude Include="Project\Model\SpriterEngine\file\filereference.h">
      <Filter>Engine\Model\SpriterEngine\file</Filter>
    </ClInclude>
    <ClInclude Include="Project\Model\SpriterEngine\entity\entity.h">
      <Filter>Engine\Model\SpriterEngine\entity</Filter>
    </ClInclude>
    <ClInclude Include="Project\Model\SpriterEngine\entity\entityinstance.h">
      <Filter>Engine\Model\SpriterEngine\entity</Filter>
    </ClInclude>
    <ClInclude Include="Project\Model\SpriterEngine\entity\entityinstancedata.h">
      <Filter>Engine\Model\SpriterEngine\entity</Filter>
    </ClInclude>
    <ClInclude Include="Project\Model\SpriterEngine\entity\object.h">
      <Filter>Engine\Model\SpriterEngine\entity</Filter>
    </ClInclude>
    <ClInclude Include="Project\Model\SpriterEngine\charactermap\charactermap.h">
      <Filter>Engine\Model\SpriterEngine\charactermap</Filter>
    </ClInclude>
    <ClInclude Include="Project\Model\SpriterEngine\charactermap\charactermapinstruction.h">
      <Filter>Engine\Model\SpriterEngine\charactermap</Filter>
    </ClInclude>
    <ClInclude Include="Project\Model\SpriterEngine\charactermap\charactermapinterface.h">
      <Filter>Engine\Model\SpriterEngine\charactermap</Filter>
    </ClInclude>
    <ClInclude Include="Project\Model\SpriterEngine\animation\animation.h">
      <Filter>Engine\Model\SpriterEngine\animation</Filter>
    </ClInclude>
    <ClInclude Include="Project\Model\SpriterEngine\animation\animationinstance.h">
      <Filter>Engine\Model\SpriterEngine\animation</Filter>
    </ClInclude>
    <ClInclude Include="Project\Model\SpriterEngine\animation\mainlinekey.h">
      <Filter>Engine\Model\SpriterEngine\animation</Filter>
    </ClInclude>
    <ClInclude Include="Project\Model\SpriterEngine\animation\mainlinekeyinstance.h">
      <Filter>Engine\Model\SpriterEngine\animation</Filter>
    </ClInclude>
    <ClInclude Include="Project\Model\StaticModel.hpp">
      <Filter>Engine\Model\Models</Filter>
    </ClInclude>
    <ClInclude Include="Project\Model\IModel.hpp">
      <Filter>Engine\Model\Models</Filter>
    </ClInclude>
    <ClInclude Include="Project\Model\SpriteSheetModel.hpp">
      <Filter>Engine\Model\Models</Filter>
    </ClInclude>
    <ClInclude Include="Project\Model\SpriterModel_.hpp">
      <Filter>Engine\Model\Models</Filter>
    </ClInclude>
    <ClInclude Include="Project\AssetManager\ObjectSaveMode.hpp">
      <Filter>Engine\AssetManager</Filter>
    </ClInclude>
    <ClInclude Include="Project\AssetManager\Requestor\Reference.hpp">
      <Filter>Engine\AssetManager\Requestor</Filter>
    </ClInclude>
    <ClInclude Include="Project\AssetManager\Requestor\Requestor.hpp">
      <Filter>Engine\AssetManager\Requestor</Filter>
    </ClInclude>
    <ClInclude Include="Project\AssetManager\IRequestable.hpp">
      <Filter>Engine\AssetManager</Filter>
    </ClInclude>
    <ClInclude Include="CharacterTree.hpp">
      <Filter>Engine\Quest</Filter>
    </ClInclude>
    <ClInclude Include="Project\Core\IEngineResource\IEngineResource.hpp">
      <Filter>Engine\Core\EngineResource</Filter>
    </ClInclude>
    <ClInclude Include="Project\Core\IEngineResource\BaseEngineResource.hpp">
      <Filter>Engine\Core\EngineResource</Filter>
    </ClInclude>
    <ClInclude Include="Project\Core\IEngineResource\EngineResourceManager.hpp">
      <Filter>Engine\Core\EngineResource</Filter>
    </ClInclude>
    <ClInclude Include="Project\Core\EngineSettings.hpp">
      <Filter>Engine\Core</Filter>
    </ClInclude>
    <ClInclude Include="Project\GameEntry.hpp">
      <Filter>Engine</Filter>
    </ClInclude>
    <ClInclude Include="Project\Input\BaseInputHandler.hpp">
      <Filter>Engine\Input\BaseInputHandler</Filter>
    </ClInclude>
  </ItemGroup>
  <ItemGroup>
    <ClCompile Include="Project\AssetManager\AssetManagerCore.cpp">
      <Filter>Engine\AssetManager</Filter>
    </ClCompile>
    <ClCompile Include="Project\AssetManager\Mod\ModLoaderDefiner.cpp">
      <Filter>Engine\AssetManager\Mod</Filter>
    </ClCompile>
    <ClCompile Include="Project\AssetManager\Prefab\PrefabDefiner.cpp">
      <Filter>Engine\AssetManager\Prefab</Filter>
    </ClCompile>
    <ClCompile Include="Project\AssetManager\SpriteRefDefiner.cpp">
      <Filter>Engine\AssetManager\Texture</Filter>
    </ClCompile>
    <ClCompile Include="Project\AssetManager\TextureLoader.cpp">
      <Filter>Engine\AssetManager\Texture</Filter>
    </ClCompile>
    <ClCompile Include="Project\AssetManager\TextureRef.cpp">
      <Filter>Engine\AssetManager\Texture</Filter>
    </ClCompile>
    <ClCompile Include="Project\Core\Component\Message\BaseMessageDefiner.cpp">
      <Filter>Engine\Core\Component\Message</Filter>
    </ClCompile>
    <ClCompile Include="Project\Core\Component\BaseComponentDefiner.cpp">
      <Filter>Engine\Core\Component\BaseComponent</Filter>
    </ClCompile>
    <ClCompile Include="Project\Core\Component\TransformComponentDefiner.cpp">
      <Filter>Engine\Core\Component\PredefinedComponents</Filter>
    </ClCompile>
    <ClCompile Include="Project\Core\Component\TransformComponentHandler.cpp">
      <Filter>Engine\Core\Component\PredefinedComponents</Filter>
    </ClCompile>
    <ClCompile Include="Project\Core\Component\GameObjectDefiner.cpp">
      <Filter>Engine\Core\GameObject</Filter>
    </ClCompile>
    <ClCompile Include="Project\Graphic\RenderHandlerDefiner.cpp">
      <Filter>Engine\Graphic</Filter>
    </ClCompile>
    <ClCompile Include="Project\Graphic\BackgroundSprite\BackgroundSpriteDefiner.cpp">
      <Filter>Engine\Graphic\BackgroundSprite</Filter>
    </ClCompile>
    <ClCompile Include="Project\Graphic\Component\DialogComponentDefiner.cpp">
      <Filter>Engine\Graphic\Component</Filter>
    </ClCompile>
    <ClCompile Include="Project\Graphic\Component\RenderComponentDefiner.cpp">
      <Filter>Engine\Graphic\Component</Filter>
    </ClCompile>
    <ClCompile Include="Project\Graphic\Tile\GridTileDefiner.cpp">
      <Filter>Engine\Graphic\GridTile</Filter>
    </ClCompile>
    <ClCompile Include="Project\Graphic\Time\TimeDefiner.cpp">
      <Filter>Engine\Graphic\Time</Filter>
    </ClCompile>
    <ClCompile Include="Project\Graphic\RenderViewDefiner.cpp">
      <Filter>Engine\Graphic\RenderView</Filter>
    </ClCompile>
    <ClCompile Include="Project\Input\InputHandlerDefiner.cpp">
      <Filter>Engine\Input</Filter>
    </ClCompile>
    <ClCompile Include="Project\Input\Mouse.cpp">
      <Filter>Engine\Input\Mouse</Filter>
    </ClCompile>
    <ClCompile Include="Project\World\WorldManager.cpp">
      <Filter>Engine\World</Filter>
    </ClCompile>
    <ClCompile Include="Project\World\Zone.cpp">
      <Filter>Engine\World\Zone</Filter>
    </ClCompile>
    <ClCompile Include="Project\Physics\Component\HitboxComponentDefiner.cpp">
      <Filter>Engine\Physics\Component</Filter>
    </ClCompile>
    <ClCompile Include="Project\Physics\Component\RigidComponentDefiner.cpp">
      <Filter>Engine\Physics\Component</Filter>
    </ClCompile>
    <ClCompile Include="Project\Physics\BoundingBoxDefiner.cpp">
      <Filter>Engine\Physics\PhysEngine</Filter>
    </ClCompile>
    <ClCompile Include="Project\Physics\Movement.cpp">
      <Filter>Engine\Physics\PhysEngine</Filter>
    </ClCompile>
    <ClCompile Include="Project\Physics\PhysicsEngineDefiner.cpp">
      <Filter>Engine\Physics\PhysEngine</Filter>
    </ClCompile>
    <ClCompile Include="Project\Physics\PhysicsEngineHandler.cpp">
      <Filter>Engine\Physics\PhysEngine</Filter>
    </ClCompile>
    <ClCompile Include="Project\EditorManager\WorldEditorExtensions\WorldManagerAddons.cpp">
      <Filter>C++Interop\EditorManager\World</Filter>
    </ClCompile>
    <ClCompile Include="Project\WindowHandler.cpp" />
    <ClCompile Include="Project\EditorManager\EditorMain.cpp">
      <Filter>C++Interop</Filter>
    </ClCompile>
    <ClCompile Include="Project\EditorManager\SplashScreenDefiner.cpp">
      <Filter>C++Interop\WindowWrapper\SplashScreen</Filter>
    </ClCompile>
    <ClCompile Include="Project\EditorManager\MainEditorWindowDefiner.cpp">
      <Filter>C++Interop\WindowWrapper\MainWindow</Filter>
    </ClCompile>
    <ClCompile Include="Project\EditorManager\EditorEvents.cpp">
      <Filter>C++Interop\EditorEvents</Filter>
    </ClCompile>
    <ClCompile Include="Project\Core\String.cpp">
      <Filter>Engine\Core\String</Filter>
    </ClCompile>
    <ClCompile Include="Project\World\Component\LoadZoneComponent.cpp">
      <Filter>Engine\World\Component</Filter>
    </ClCompile>
    <ClCompile Include="Project\AssetManager\AssetManagerCoreLoad.cpp">
      <Filter>Engine\AssetManager</Filter>
    </ClCompile>
    <ClCompile Include="Project\Logger\Logger.cpp">
      <Filter>Engine\Logger</Filter>
    </ClCompile>
    <ClCompile Include="Project\AssetManager\Version\Version.cpp">
      <Filter>Engine\AssetManager\Version</Filter>
    </ClCompile>
    <ClCompile Include="Project\EditorManager\TextureMapExtensions\TextureMapAddon.cpp">
      <Filter>C++Interop\EditorManager\TextureMap</Filter>
    </ClCompile>
    <ClCompile Include="Project\Model\SpriteSheetAnimationDefiner.cpp">
      <Filter>Engine\Model\SpriteSheet</Filter>
    </ClCompile>
    <ClCompile Include="Project\Model\SpriterEntityInstanceDefiner.cpp">
      <Filter>Engine\Model\SpriterEntity</Filter>
    </ClCompile>
    <ClCompile Include="Project\Model\SpriterModelContainerDefiner.cpp">
      <Filter>Engine\Model\SpriterEntity</Filter>
    </ClCompile>
    <ClCompile Include="Project\Model\tinyxml2\tinyxml2.cpp">
      <Filter>Engine\Model\tinyXml2</Filter>
    </ClCompile>
    <ClCompile Include="Project\Model\SpriterTextureMapperDefiner.cpp">
      <Filter>Engine\Model\TextureMap</Filter>
    </ClCompile>
    <ClCompile Include="Project\Model\SpriterOverride\sfmlboneinstanceinfo.cpp">
      <Filter>Engine\Model\SpriterOverride</Filter>
    </ClCompile>
    <ClCompile Include="Project\Model\SpriterOverride\sfmlboxinstanceinfo.cpp">
      <Filter>Engine\Model\SpriterOverride</Filter>
    </ClCompile>
    <ClCompile Include="Project\Model\SpriterOverride\SFMLfilefactory.cpp">
      <Filter>Engine\Model\SpriterOverride</Filter>
    </ClCompile>
    <ClCompile Include="Project\Model\SpriterOverride\sfmlimagefile.cpp">
      <Filter>Engine\Model\SpriterOverride</Filter>
    </ClCompile>
    <ClCompile Include="Project\Model\SpriterOverride\SFMLobjectfactory.cpp">
      <Filter>Engine\Model\SpriterOverride</Filter>
    </ClCompile>
    <ClCompile Include="Project\Model\SpriterOverride\sfmlpointinstanceinfo.cpp">
      <Filter>Engine\Model\SpriterOverride</Filter>
    </ClCompile>
    <ClCompile Include="Project\Model\SpriterOverride\sfmlsoundfile.cpp">
      <Filter>Engine\Model\SpriterOverride</Filter>
    </ClCompile>
    <ClCompile Include="Project\Model\SpriterOverride\sfmlsoundobjectinforeference.cpp">
      <Filter>Engine\Model\SpriterOverride</Filter>
    </ClCompile>
    <ClCompile Include="Project\Model\SpriterOverride\tinyxmlspriterfileattributewrapper.cpp">
      <Filter>Engine\Model\SpriterOverride</Filter>
    </ClCompile>
    <ClCompile Include="Project\Model\SpriterOverride\tinyxmlspriterfiledocumentwrapper.cpp">
      <Filter>Engine\Model\SpriterOverride</Filter>
    </ClCompile>
    <ClCompile Include="Project\Model\SpriterOverride\tinyxmlspriterfileelementwrapper.cpp">
      <Filter>Engine\Model\SpriterOverride</Filter>
    </ClCompile>
    <ClCompile Include="Project\Model\SpriterEngine\variable\variableinstancenameandidmap.cpp">
      <Filter>Engine\Model\SpriterEngine\variable</Filter>
    </ClCompile>
    <ClCompile Include="Project\Model\SpriterEngine\variable\variablecontainer.cpp">
      <Filter>Engine\Model\SpriterEngine\variable</Filter>
    </ClCompile>
    <ClCompile Include="Project\Model\SpriterEngine\variable\variable.cpp">
      <Filter>Engine\Model\SpriterEngine\variable</Filter>
    </ClCompile>
    <ClCompile Include="Project\Model\SpriterEngine\timeline\variabletimelineinstance.cpp">
      <Filter>Engine\Model\SpriterEngine\timeline</Filter>
    </ClCompile>
    <ClCompile Include="Project\Model\SpriterEngine\timeline\triggertimelineinstance.cpp">
      <Filter>Engine\Model\SpriterEngine\timeline</Filter>
    </ClCompile>
    <ClCompile Include="Project\Model\SpriterEngine\timeline\timelinekey.cpp">
      <Filter>Engine\Model\SpriterEngine\timeline</Filter>
    </ClCompile>
    <ClCompile Include="Project\Model\SpriterEngine\timeline\timelineinstance.cpp">
      <Filter>Engine\Model\SpriterEngine\timeline</Filter>
    </ClCompile>
    <ClCompile Include="Project\Model\SpriterEngine\timeline\timeline.cpp">
      <Filter>Engine\Model\SpriterEngine\timeline</Filter>
    </ClCompile>
    <ClCompile Include="Project\Model\SpriterEngine\timeline\tagtimelineinstance.cpp">
      <Filter>Engine\Model\SpriterEngine\timeline</Filter>
    </ClCompile>
    <ClCompile Include="Project\Model\SpriterEngine\timeline\soundtimelineinstance.cpp">
      <Filter>Engine\Model\SpriterEngine\timeline</Filter>
    </ClCompile>
    <ClCompile Include="Project\Model\SpriterEngine\timeline\proxytimelinekey.cpp">
      <Filter>Engine\Model\SpriterEngine\timeline</Filter>
    </ClCompile>
    <ClCompile Include="Project\Model\SpriterEngine\timeinfo\timeinfo.cpp">
      <Filter>Engine\Model\SpriterEngine\timeinfo</Filter>
    </ClCompile>
    <ClCompile Include="Project\Model\SpriterEngine\timeinfo\quinticeasingcurve.cpp">
      <Filter>Engine\Model\SpriterEngine\timeinfo</Filter>
    </ClCompile>
    <ClCompile Include="Project\Model\SpriterEngine\timeinfo\quarticeasingcurve.cpp">
      <Filter>Engine\Model\SpriterEngine\timeinfo</Filter>
    </ClCompile>
    <ClCompile Include="Project\Model\SpriterEngine\timeinfo\quadraticeasingcurve.cpp">
      <Filter>Engine\Model\SpriterEngine\timeinfo</Filter>
    </ClCompile>
    <ClCompile Include="Project\Model\SpriterEngine\timeinfo\lineareasingcurve.cpp">
      <Filter>Engine\Model\SpriterEngine\timeinfo</Filter>
    </ClCompile>
    <ClCompile Include="Project\Model\SpriterEngine\timeinfo\instanteasingcurve.cpp">
      <Filter>Engine\Model\SpriterEngine\timeinfo</Filter>
    </ClCompile>
    <ClCompile Include="Project\Model\SpriterEngine\timeinfo\easingcurveinterface.cpp">
      <Filter>Engine\Model\SpriterEngine\timeinfo</Filter>
    </ClCompile>
    <ClCompile Include="Project\Model\SpriterEngine\timeinfo\cubiceasingcurve.cpp">
      <Filter>Engine\Model\SpriterEngine\timeinfo</Filter>
    </ClCompile>
    <ClCompile Include="Project\Model\SpriterEngine\timeinfo\beziereasingcurve.cpp">
      <Filter>Engine\Model\SpriterEngine\timeinfo</Filter>
    </ClCompile>
    <ClCompile Include="Project\Model\SpriterEngine\override\filefactory.cpp">
      <Filter>Engine\Model\SpriterEngine\override</Filter>
    </ClCompile>
    <ClCompile Include="Project\Model\SpriterEngine\override\imagefile.cpp">
      <Filter>Engine\Model\SpriterEngine\override</Filter>
    </ClCompile>
    <ClCompile Include="Project\Model\SpriterEngine\override\objectfactory.cpp">
      <Filter>Engine\Model\SpriterEngine\override</Filter>
    </ClCompile>
    <ClCompile Include="Project\Model\SpriterEngine\override\soundfile.cpp">
      <Filter>Engine\Model\SpriterEngine\override</Filter>
    </ClCompile>
    <ClCompile Include="Project\Model\SpriterEngine\override\soundobjectinforeference.cpp">
      <Filter>Engine\Model\SpriterEngine\override</Filter>
    </ClCompile>
    <ClCompile Include="Project\Model\SpriterEngine\override\spriterfileattributewrapper.cpp">
      <Filter>Engine\Model\SpriterEngine\override</Filter>
    </ClCompile>
    <ClCompile Include="Project\Model\SpriterEngine\override\spriterfiledocumentwrapper.cpp">
      <Filter>Engine\Model\SpriterEngine\override</Filter>
    </ClCompile>
    <ClCompile Include="Project\Model\SpriterEngine\override\spriterfileelementwrapper.cpp">
      <Filter>Engine\Model\SpriterEngine\override</Filter>
    </ClCompile>
    <ClCompile Include="Project\Model\SpriterEngine\objectref\boneref.cpp">
      <Filter>Engine\Model\SpriterEngine\objectref</Filter>
    </ClCompile>
    <ClCompile Include="Project\Model\SpriterEngine\objectref\bonerefinstance.cpp">
      <Filter>Engine\Model\SpriterEngine\objectref</Filter>
    </ClCompile>
    <ClCompile Include="Project\Model\SpriterEngine\objectref\entityref.cpp">
      <Filter>Engine\Model\SpriterEngine\objectref</Filter>
    </ClCompile>
    <ClCompile Include="Project\Model\SpriterEngine\objectref\entityrefinstance.cpp">
      <Filter>Engine\Model\SpriterEngine\objectref</Filter>
    </ClCompile>
    <ClCompile Include="Project\Model\SpriterEngine\objectref\objectref.cpp">
      <Filter>Engine\Model\SpriterEngine\objectref</Filter>
    </ClCompile>
    <ClCompile Include="Project\Model\SpriterEngine\objectref\objectrefinstance.cpp">
      <Filter>Engine\Model\SpriterEngine\objectref</Filter>
    </ClCompile>
    <ClCompile Include="Project\Model\SpriterEngine\objectref\spriteref.cpp">
      <Filter>Engine\Model\SpriterEngine\objectref</Filter>
    </ClCompile>
    <ClCompile Include="Project\Model\SpriterEngine\objectref\spriterefinstance.cpp">
      <Filter>Engine\Model\SpriterEngine\objectref</Filter>
    </ClCompile>
    <ClCompile Include="Project\Model\SpriterEngine\objectref\transformprocessor.cpp">
      <Filter>Engine\Model\SpriterEngine\objectref</Filter>
    </ClCompile>
    <ClCompile Include="Project\Model\SpriterEngine\objectinfo\angleinfo.cpp">
      <Filter>Engine\Model\SpriterEngine\objectinfo</Filter>
    </ClCompile>
    <ClCompile Include="Project\Model\SpriterEngine\objectinfo\boneinstanceinfo.cpp">
      <Filter>Engine\Model\SpriterEngine\objectinfo</Filter>
    </ClCompile>
    <ClCompile Include="Project\Model\SpriterEngine\objectinfo\boneobjectinfo.cpp">
      <Filter>Engine\Model\SpriterEngine\objectinfo</Filter>
    </ClCompile>
    <ClCompile Include="Project\Model\SpriterEngine\objectinfo\boxinstanceinfo.cpp">
      <Filter>Engine\Model\SpriterEngine\objectinfo</Filter>
    </ClCompile>
    <ClCompile Include="Project\Model\SpriterEngine\objectinfo\boxobjectinfo.cpp">
      <Filter>Engine\Model\SpriterEngine\objectinfo</Filter>
    </ClCompile>
    <ClCompile Include="Project\Model\SpriterEngine\objectinfo\entityobjectinfo.cpp">
      <Filter>Engine\Model\SpriterEngine\objectinfo</Filter>
    </ClCompile>
    <ClCompile Include="Project\Model\SpriterEngine\objectinfo\eventobjectinfo.cpp">
      <Filter>Engine\Model\SpriterEngine\objectinfo</Filter>
    </ClCompile>
    <ClCompile Include="Project\Model\SpriterEngine\objectinfo\intvariableinfo.cpp">
      <Filter>Engine\Model\SpriterEngine\objectinfo</Filter>
    </ClCompile>
    <ClCompile Include="Project\Model\SpriterEngine\objectinfo\pointinstanceinfo.cpp">
      <Filter>Engine\Model\SpriterEngine\objectinfo</Filter>
    </ClCompile>
    <ClCompile Include="Project\Model\SpriterEngine\objectinfo\pointobjectinfo.cpp">
      <Filter>Engine\Model\SpriterEngine\objectinfo</Filter>
    </ClCompile>
    <ClCompile Include="Project\Model\SpriterEngine\objectinfo\realvariableinfo.cpp">
      <Filter>Engine\Model\SpriterEngine\objectinfo</Filter>
    </ClCompile>
    <ClCompile Include="Project\Model\SpriterEngine\objectinfo\soundobjectinfo.cpp">
      <Filter>Engine\Model\SpriterEngine\objectinfo</Filter>
    </ClCompile>
    <ClCompile Include="Project\Model\SpriterEngine\objectinfo\spriteobjectinfo.cpp">
      <Filter>Engine\Model\SpriterEngine\objectinfo</Filter>
    </ClCompile>
    <ClCompile Include="Project\Model\SpriterEngine\objectinfo\stringvariableinfo.cpp">
      <Filter>Engine\Model\SpriterEngine\objectinfo</Filter>
    </ClCompile>
    <ClCompile Include="Project\Model\SpriterEngine\objectinfo\stringvariableinforeference.cpp">
      <Filter>Engine\Model\SpriterEngine\objectinfo</Filter>
    </ClCompile>
    <ClCompile Include="Project\Model\SpriterEngine\objectinfo\taglist.cpp">
      <Filter>Engine\Model\SpriterEngine\objectinfo</Filter>
    </ClCompile>
    <ClCompile Include="Project\Model\SpriterEngine\objectinfo\tagobjectinfo.cpp">
      <Filter>Engine\Model\SpriterEngine\objectinfo</Filter>
    </ClCompile>
    <ClCompile Include="Project\Model\SpriterEngine\objectinfo\tagobjectinforeference.cpp">
      <Filter>Engine\Model\SpriterEngine\objectinfo</Filter>
    </ClCompile>
    <ClCompile Include="Project\Model\SpriterEngine\objectinfo\triggerobjectinfo.cpp">
      <Filter>Engine\Model\SpriterEngine\objectinfo</Filter>
    </ClCompile>
    <ClCompile Include="Project\Model\SpriterEngine\objectinfo\universalobjectinterface.cpp">
      <Filter>Engine\Model\SpriterEngine\objectinfo</Filter>
    </ClCompile>
    <ClCompile Include="Project\Model\SpriterEngine\model\spritermodel.cpp">
      <Filter>Engine\Model\SpriterEngine\model</Filter>
    </ClCompile>
    <ClCompile Include="Project\Model\SpriterEngine\loading\loader.cpp">
      <Filter>Engine\Model\SpriterEngine\loading</Filter>
    </ClCompile>
    <ClCompile Include="Project\Model\SpriterEngine\loading\loadinghelpers.cpp">
      <Filter>Engine\Model\SpriterEngine\loading</Filter>
    </ClCompile>
    <ClCompile Include="Project\Model\SpriterEngine\loading\spriterdocumentloader.cpp">
      <Filter>Engine\Model\SpriterEngine\loading</Filter>
    </ClCompile>
    <ClCompile Include="Project\Model\SpriterEngine\global\settings.cpp">
      <Filter>Engine\Model\SpriterEngine\global</Filter>
    </ClCompile>
    <ClCompile Include="Project\Model\SpriterEngine\file\file.cpp">
      <Filter>Engine\Model\SpriterEngine\file</Filter>
    </ClCompile>
    <ClCompile Include="Project\Model\SpriterEngine\file\filereference.cpp">
      <Filter>Engine\Model\SpriterEngine\file</Filter>
    </ClCompile>
    <ClCompile Include="Project\Model\SpriterEngine\entity\entity.cpp">
      <Filter>Engine\Model\SpriterEngine\entity</Filter>
    </ClCompile>
    <ClCompile Include="Project\Model\SpriterEngine\entity\entityinstance.cpp">
      <Filter>Engine\Model\SpriterEngine\entity</Filter>
    </ClCompile>
    <ClCompile Include="Project\Model\SpriterEngine\entity\entityinstancedata.cpp">
      <Filter>Engine\Model\SpriterEngine\entity</Filter>
    </ClCompile>
    <ClCompile Include="Project\Model\SpriterEngine\entity\object.cpp">
      <Filter>Engine\Model\SpriterEngine\entity</Filter>
    </ClCompile>
    <ClCompile Include="Project\Model\SpriterEngine\charactermap\charactermap.cpp">
      <Filter>Engine\Model\SpriterEngine\charactermap</Filter>
    </ClCompile>
    <ClCompile Include="Project\Model\SpriterEngine\charactermap\charactermapinstruction.cpp">
      <Filter>Engine\Model\SpriterEngine\charactermap</Filter>
    </ClCompile>
    <ClCompile Include="Project\Model\SpriterEngine\animation\animation.cpp">
      <Filter>Engine\Model\SpriterEngine\animation</Filter>
    </ClCompile>
    <ClCompile Include="Project\Model\SpriterEngine\animation\animationinstance.cpp">
      <Filter>Engine\Model\SpriterEngine\animation</Filter>
    </ClCompile>
    <ClCompile Include="Project\Model\SpriterEngine\animation\mainlinekey.cpp">
      <Filter>Engine\Model\SpriterEngine\animation</Filter>
    </ClCompile>
    <ClCompile Include="Project\Model\SpriterEngine\animation\mainlinekeyinstance.cpp">
      <Filter>Engine\Model\SpriterEngine\animation</Filter>
    </ClCompile>
    <ClCompile Include="Project\Model\StaticModel.cpp">
      <Filter>Engine\Model\Models</Filter>
    </ClCompile>
    <ClCompile Include="Project\Model\SpriteSheetModel.cpp">
      <Filter>Engine\Model\Models</Filter>
    </ClCompile>
    <ClCompile Include="Project\Model\IModel.cpp">
      <Filter>Engine\Model\Models</Filter>
    </ClCompile>
    <ClCompile Include="Project\Model\SpriterModel_.cpp">
      <Filter>Engine\Model\Models</Filter>
    </ClCompile>
    <ClCompile Include="Project\World\WorldManagerLoadStateMachine.cpp">
      <Filter>Engine\World</Filter>
    </ClCompile>
    <ClCompile Include="Project\Core\IEngineResource\EngineResourceManager.cpp">
      <Filter>Engine\Core\EngineResource</Filter>
    </ClCompile>
    <ClCompile Include="Project\Core\EngineSettingsDefiner.cpp">
      <Filter>Engine\Core</Filter>
    </ClCompile>
    <ClCompile Include="Project\GameEntryDefiner.cpp">
      <Filter>Engine</Filter>
    </ClCompile>
    <ClCompile Include="Tests\BoundingBoxUnitTest.cpp">
      <Filter>Unit Tests</Filter>
    </ClCompile>
    <ClCompile Include="Tests\GameObjectUnitTest.cpp">
      <Filter>Unit Tests</Filter>
    </ClCompile>
    <ClCompile Include="Tests\RequestorUnitTest.cpp">
      <Filter>Unit Tests</Filter>
    </ClCompile>
    <ClCompile Include="Tests\StringConverterUnitTest.cpp">
      <Filter>Unit Tests</Filter>
    </ClCompile>
    <ClCompile Include="Tests\TimeUnitTest.cpp">
      <Filter>Unit Tests</Filter>
    </ClCompile>
    <ClCompile Include="Tests\VectorUnitTest.cpp">
      <Filter>Unit Tests</Filter>
    </ClCompile>
    <ClCompile Include="Tests\VersionUnitTest.cpp">
      <Filter>Unit Tests</Filter>
    </ClCompile>
    <ClCompile Include="Tests\UnitTestsSetUpAndTeardown.cpp">
      <Filter>Unit Tests</Filter>
    </ClCompile>
    <ClCompile Include="Project\Physics\Component\GameObjectPhysicsAddon.cpp">
      <Filter>Engine\Physics\GameObject</Filter>
    </ClCompile>
  </ItemGroup>
  <ItemGroup>
    <None Include="Project\Core\Vector.inl">
      <Filter>Engine\Core</Filter>
    </None>
    <None Include="Project\AssetManager\Requestor\Reference.inl">
      <Filter>Engine\AssetManager\Requestor</Filter>
    </None>
    <None Include="Project\AssetManager\Requestor\Requestor.inl">
      <Filter>Engine\AssetManager\Requestor</Filter>
    </None>
    <None Include="Project\AssetManager\Requestor\Requestor_ptr.inl">
      <Filter>Engine\AssetManager\Requestor</Filter>
    </None>
  </ItemGroup>
</Project>