<?xml version="1.0" encoding="utf-8"?>
<Project ToolsVersion="4.0" xmlns="http://schemas.microsoft.com/developer/msbuild/2003">
  <ItemGroup>
    <Filter Include="Source Files">
      <UniqueIdentifier>{4FC737F1-C7A5-4376-A066-2A32D752A2FF}</UniqueIdentifier>
      <Extensions>cpp;c;cc;cxx;def;odl;idl;hpj;bat;asm;asmx</Extensions>
    </Filter>
    <Filter Include="Existing">
      <UniqueIdentifier>{7f84ac0e-cc0c-4674-b044-1bb86c45e14a}</UniqueIdentifier>
    </Filter>
  </ItemGroup>
  <ItemGroup>
    <ClCompile Include="RequestorUnitTest.cpp">
      <Filter>Source Files</Filter>
    </ClCompile>
    <ClCompile Include="VectorUnitTest.cpp">
      <Filter>Source Files</Filter>
    </ClCompile>
    <ClCompile Include="GameObjectUnitTest.cpp">
      <Filter>Source Files</Filter>
    </ClCompile>
    <ClCompile Include="TimeUnitTest.cpp">
      <Filter>Source Files</Filter>
    </ClCompile>
    <ClCompile Include="..\Project\Graphic\Time\TimeDefiner.cpp">
      <Filter>Existing</Filter>
    </ClCompile>
    <ClCompile Include="..\Project\Logger\Logger.cpp">
      <Filter>Existing</Filter>
    </ClCompile>
    <ClCompile Include="..\Project\AssetManager\Version\Version.cpp">
      <Filter>Existing</Filter>
    </ClCompile>
    <ClCompile Include="..\Project\Core\String.cpp">
      <Filter>Existing</Filter>
    </ClCompile>
    <ClCompile Include="VersionUnitTest.cpp">
      <Filter>Source Files</Filter>
    </ClCompile>
    <ClCompile Include="..\Project\Core\Component\BaseComponentDefiner.cpp">
      <Filter>Existing</Filter>
    </ClCompile>
    <ClCompile Include="..\Project\Core\Component\GameObjectDefiner.cpp">
      <Filter>Existing</Filter>
    </ClCompile>
    <ClCompile Include="..\Project\Core\Component\TransformComponentDefiner.cpp">
      <Filter>Existing</Filter>
    </ClCompile>
    <ClCompile Include="..\Project\Core\Component\TransformComponentHandler.cpp">
      <Filter>Existing</Filter>
    </ClCompile>
  </ItemGroup>
</Project>