<?xml version="1.0" encoding="utf-8"?>
<Project ToolsVersion="4.0" xmlns="http://schemas.microsoft.com/developer/msbuild/2003">
  <ItemGroup>
    <Filter Include="src">
      <UniqueIdentifier>{121eb3fd-c2a0-431d-8d91-51a5ce3d9b0a}</UniqueIdentifier>
    </Filter>
    <Filter Include="include">
      <UniqueIdentifier>{80a19ae2-5940-412f-8a1c-4ff3a7e10cbc}</UniqueIdentifier>
    </Filter>
    <Filter Include="include\physics">
      <UniqueIdentifier>{c4aaf025-a733-4fb9-9c7b-7493cd685c5b}</UniqueIdentifier>
    </Filter>
    <Filter Include="include\component">
      <UniqueIdentifier>{6c5f72e6-132f-4a3f-9e32-08b09b14225f}</UniqueIdentifier>
    </Filter>
  </ItemGroup>
  <ItemGroup>
    <ClInclude Include="include\physics\physics.hpp">
      <Filter>include\physics</Filter>
    </ClInclude>
    <ClInclude Include="include\component\collider.hpp">
      <Filter>include\component</Filter>
    </ClInclude>
    <ClInclude Include="include\component\doorHinge.hpp">
      <Filter>include\component</Filter>
    </ClInclude>
    <ClInclude Include="include\component\triggerCollider.hpp">
      <Filter>include\component</Filter>
    </ClInclude>
    <ClInclude Include="include\physics\errorCallback.hpp">
      <Filter>include\physics</Filter>
    </ClInclude>
    <ClInclude Include="include\physics\objectType.hpp">
      <Filter>include\physics</Filter>
    </ClInclude>
    <ClInclude Include="include\physics\simulationCallback.hpp">
      <Filter>include\physics</Filter>
    </ClInclude>
    <ClInclude Include="include\physics\raycastCallback.hpp">
      <Filter>include\physics</Filter>
    </ClInclude>
  </ItemGroup>
  <ItemGroup>
    <ClCompile Include="include\physics\physics.cpp">
      <Filter>src</Filter>
    </ClCompile>
    <ClCompile Include="src\Collider.cpp">
      <Filter>src</Filter>
    </ClCompile>
    <ClCompile Include="src\TriggerCollider.cpp">
      <Filter>src</Filter>
    </ClCompile>
    <ClCompile Include="src\doorHinge.cpp">
      <Filter>src</Filter>
    </ClCompile>
    <ClCompile Include="include\physics\colliderType.hpp">
      <Filter>include\physics</Filter>
    </ClCompile>
    <ClCompile Include="src\errorCallback.cpp">
      <Filter>src</Filter>
    </ClCompile>
    <ClCompile Include="src\simulationCallback.cpp">
      <Filter>src</Filter>
    </ClCompile>
    <ClCompile Include="src\raycastCallback.cpp">
      <Filter>src</Filter>
    </ClCompile>
  </ItemGroup>
</Project>