<?xml version="1.0" encoding="utf-8"?>
<Project ToolsVersion="4.0" xmlns="http://schemas.microsoft.com/developer/msbuild/2003">
  <ItemGroup>
    <Filter Include="include">
      <UniqueIdentifier>{93995380-89BD-4b04-88EB-625FBE52EBFB}</UniqueIdentifier>
      <Extensions>h;hh;hpp;hxx;h++;hm;inl;inc;ipp;xsd</Extensions>
    </Filter>
    <Filter Include="src">
      <UniqueIdentifier>{67DA6AB6-F800-4c08-8B7A-83BB121AAD01}</UniqueIdentifier>
      <Extensions>rc;ico;cur;bmp;dlg;rc2;rct;bin;rgs;gif;jpg;jpeg;jpe;resx;tiff;tif;png;wav;mfcribbon-ms</Extensions>
    </Filter>
    <Filter Include="include\module">
      <UniqueIdentifier>{91ff5a7b-71ea-40c5-ac23-4ed5f106720b}</UniqueIdentifier>
    </Filter>
    <Filter Include="include\module\resource">
      <UniqueIdentifier>{3cce5aa8-6b5e-48d1-ac73-51ba6f66c5e1}</UniqueIdentifier>
    </Filter>
    <Filter Include="src\resource">
      <UniqueIdentifier>{71faa939-90b3-47f8-b2b9-77ef3583989b}</UniqueIdentifier>
    </Filter>
    <Filter Include="include\graphics">
      <UniqueIdentifier>{841b3c6e-ef98-447a-93a1-08310cc232a1}</UniqueIdentifier>
    </Filter>
    <Filter Include="include\graphics\view">
      <UniqueIdentifier>{59a967df-3509-485b-b7bb-4b559d8bf046}</UniqueIdentifier>
    </Filter>
    <Filter Include="include\resource">
      <UniqueIdentifier>{3cf48741-1b6d-4fe9-afde-672398fd6dfa}</UniqueIdentifier>
    </Filter>
  </ItemGroup>
  <ItemGroup>
    <ClInclude Include="include\module\resource\MeshLoader.hpp">
      <Filter>include\module\resource</Filter>
    </ClInclude>
    <ClInclude Include="include\module\resource\ShaderLoader.hpp">
      <Filter>include\module\resource</Filter>
    </ClInclude>
    <ClInclude Include="include\module\resource\TextureLoader.hpp">
      <Filter>include\module\resource</Filter>
    </ClInclude>
    <ClInclude Include="include\module\resource\Model.hpp">
      <Filter>include\module\resource</Filter>
    </ClInclude>
    <ClInclude Include="include\graphics\view\mvp.hpp">
      <Filter>include\graphics\view</Filter>
    </ClInclude>
  </ItemGroup>
  <ItemGroup>
    <ClCompile Include="src\MeshLoader.cpp">
      <Filter>src\resource</Filter>
    </ClCompile>
    <ClCompile Include="src\ShaderLoader.cpp">
      <Filter>src\resource</Filter>
    </ClCompile>
    <ClCompile Include="src\TextureLoader.cpp">
      <Filter>src\resource</Filter>
    </ClCompile>
  </ItemGroup>
</Project>