<?xml version="1.0" encoding="utf-8"?>
<Project ToolsVersion="4.0" xmlns="http://schemas.microsoft.com/developer/msbuild/2003">
  <ItemGroup>
    <Filter Include="include">
      <UniqueIdentifier>{93995380-89BD-4b04-88EB-625FBE52EBFB}</UniqueIdentifier>
      <Extensions>h;hh;hpp;hxx;h++;hm;inl;inc;ipp;xsd</Extensions>
    </Filter>
    <Filter Include="src">
      <UniqueIdentifier>{67DA6AB6-F800-4c08-8B7A-83BB121AAD01}</UniqueIdentifier>
      <Extensions>rc;ico;cur;bmp;dlg;rc2;rct;bin;rgs;gif;jpg;jpeg;jpe;resx;tiff;tif;png;wav;mfcribbon-ms</Extensions>
    </Filter>
    <Filter Include="include\file">
      <UniqueIdentifier>{46a9a82c-afaf-4ae3-9f02-efb548a5440e}</UniqueIdentifier>
    </Filter>
    <Filter Include="src\file">
      <UniqueIdentifier>{a8681691-e239-4f7c-a7ba-09a0b14dfcc1}</UniqueIdentifier>
    </Filter>
    <Filter Include="include\file\archive">
      <UniqueIdentifier>{f04696bb-1f35-4e54-802b-6a5b4d1a09a4}</UniqueIdentifier>
    </Filter>
  </ItemGroup>
  <ItemGroup>
    <ClInclude Include="include\file\FileId.hpp">
      <Filter>include\file</Filter>
    </ClInclude>
    <ClInclude Include="include\file\Header.hpp">
      <Filter>include\file</Filter>
    </ClInclude>
    <ClInclude Include="include\file\Loader.hpp">
      <Filter>include\file</Filter>
    </ClInclude>
    <ClInclude Include="include\file\ObjectFlag.hpp">
      <Filter>include\file</Filter>
    </ClInclude>
    <ClInclude Include="include\file\ObjectType.hpp">
      <Filter>include\file</Filter>
    </ClInclude>
    <ClInclude Include="include\file\archive\EntityIndex.hpp">
      <Filter>include\file\archive</Filter>
    </ClInclude>
    <ClInclude Include="include\file\archive\Requestor.hpp">
      <Filter>include\file\archive</Filter>
    </ClInclude>
    <ClInclude Include="include\file\archive\Requestable.hpp">
      <Filter>include\file\archive</Filter>
    </ClInclude>
    <ClInclude Include="include\file\archive\ObjectSaveMode.hpp">
      <Filter>include\file\archive</Filter>
    </ClInclude>
  </ItemGroup>
  <ItemGroup>
    <ClCompile Include="src\FileId.cpp">
      <Filter>src\file</Filter>
    </ClCompile>
    <ClCompile Include="src\Loader.cpp">
      <Filter>src\file</Filter>
    </ClCompile>
  </ItemGroup>
</Project>